// !$*UTF8*$!
{
	archiveVersion = 1;
	classes = {
	};
	objectVersion = 51;
	objects = {

/* Begin PBXBuildFile section */
		048651FEE50247D9B114B320 /* Pods_viewer_final.framework in Frameworks */ = {isa = PBXBuildFile; fileRef = 1CB4FC396E21FD3D16F776BB /* Pods_viewer_final.framework */; };
		130ADBF82406837C00E6EAE3 /* FileManager + contentsOfDirectoryURLs.swift in Sources */ = {isa = PBXBuildFile; fileRef = 130ADBF72406837C00E6EAE3 /* FileManager + contentsOfDirectoryURLs.swift */; };
		130ADBFA240692AD00E6EAE3 /* viewer-file.png in Resources */ = {isa = PBXBuildFile; fileRef = 130ADBF9240692AD00E6EAE3 /* viewer-file.png */; };
		130ADBFC240694DE00E6EAE3 /* FormatSettings.plist in Resources */ = {isa = PBXBuildFile; fileRef = 130ADBFB240694DE00E6EAE3 /* FormatSettings.plist */; };
		130ADC012406B12C00E6EAE3 /* ToastViewController.swift in Sources */ = {isa = PBXBuildFile; fileRef = 130ADC002406B12C00E6EAE3 /* ToastViewController.swift */; };
		130ADC032406B13E00E6EAE3 /* ToastPresentationController.swift in Sources */ = {isa = PBXBuildFile; fileRef = 130ADC022406B13E00E6EAE3 /* ToastPresentationController.swift */; };
		130ADC062406B1C600E6EAE3 /* PresentationController.swift in Sources */ = {isa = PBXBuildFile; fileRef = 130ADC052406B1C600E6EAE3 /* PresentationController.swift */; };
		130ADC0E2407C33C00E6EAE3 /* CloudPopUpViewController.swift in Sources */ = {isa = PBXBuildFile; fileRef = 130ADC0D2407C33C00E6EAE3 /* CloudPopUpViewController.swift */; };
		130ADC102407C3BE00E6EAE3 /* CPopUpTableView.swift in Sources */ = {isa = PBXBuildFile; fileRef = 130ADC0F2407C3BE00E6EAE3 /* CPopUpTableView.swift */; };
		130ADC122407C3D000E6EAE3 /* CPopUpTableViewCell.swift in Sources */ = {isa = PBXBuildFile; fileRef = 130ADC112407C3D000E6EAE3 /* CPopUpTableViewCell.swift */; };
		130ADC162407C3E800E6EAE3 /* CPopUpTableViewCellVM.swift in Sources */ = {isa = PBXBuildFile; fileRef = 130ADC152407C3E800E6EAE3 /* CPopUpTableViewCellVM.swift */; };
		130ADC182407C3F400E6EAE3 /* CPopUpTableViewVM.swift in Sources */ = {isa = PBXBuildFile; fileRef = 130ADC172407C3F400E6EAE3 /* CPopUpTableViewVM.swift */; };
		130ADC1A2407C68400E6EAE3 /* CloudPopUpViewControllerVM.swift in Sources */ = {isa = PBXBuildFile; fileRef = 130ADC192407C68400E6EAE3 /* CloudPopUpViewControllerVM.swift */; };
		130ADC1C2407CB5800E6EAE3 /* CPopUpTableHeaderView.swift in Sources */ = {isa = PBXBuildFile; fileRef = 130ADC1B2407CB5800E6EAE3 /* CPopUpTableHeaderView.swift */; };
		130B97F823FD282700DE6C60 /* TextFieldModel.swift in Sources */ = {isa = PBXBuildFile; fileRef = 130B97F723FD282700DE6C60 /* TextFieldModel.swift */; };
		130B97FA23FD290700DE6C60 /* TextFieldView.swift in Sources */ = {isa = PBXBuildFile; fileRef = 130B97F923FD290700DE6C60 /* TextFieldView.swift */; };
		130B982023FD647500DE6C60 /* ProjectsViewController.swift in Sources */ = {isa = PBXBuildFile; fileRef = 130B981F23FD647500DE6C60 /* ProjectsViewController.swift */; };
		130B982223FD64C000DE6C60 /* ProjectsViewModel.swift in Sources */ = {isa = PBXBuildFile; fileRef = 130B982123FD64C000DE6C60 /* ProjectsViewModel.swift */; };
		130B982423FD67A000DE6C60 /* ProjectsCollectionView.swift in Sources */ = {isa = PBXBuildFile; fileRef = 130B982323FD67A000DE6C60 /* ProjectsCollectionView.swift */; };
		130B982623FD688000DE6C60 /* AppleMusicModel.swift in Sources */ = {isa = PBXBuildFile; fileRef = 130B982523FD688000DE6C60 /* AppleMusicModel.swift */; };
		130B982823FD690B00DE6C60 /* ProjectsCollectionViewVM.swift in Sources */ = {isa = PBXBuildFile; fileRef = 130B982723FD690B00DE6C60 /* ProjectsCollectionViewVM.swift */; };
		130B982A23FD695300DE6C60 /* ProjectsCollectionViewCellVM.swift in Sources */ = {isa = PBXBuildFile; fileRef = 130B982923FD695300DE6C60 /* ProjectsCollectionViewCellVM.swift */; };
		130B982C23FD695F00DE6C60 /* ProjectsCollectionViewCell.swift in Sources */ = {isa = PBXBuildFile; fileRef = 130B982B23FD695F00DE6C60 /* ProjectsCollectionViewCell.swift */; };
		130B982E23FD6EC100DE6C60 /* UINavigationBar + bottomLine.swift in Sources */ = {isa = PBXBuildFile; fileRef = 130B982D23FD6EC100DE6C60 /* UINavigationBar + bottomLine.swift */; };
		130B983023FD6F8C00DE6C60 /* ProjectsContextViewMenu.swift in Sources */ = {isa = PBXBuildFile; fileRef = 130B982F23FD6F8C00DE6C60 /* ProjectsContextViewMenu.swift */; };
		130B984923FFC91600DE6C60 /* PasswordFieldViewModel.swift in Sources */ = {isa = PBXBuildFile; fileRef = 130B984823FFC91600DE6C60 /* PasswordFieldViewModel.swift */; };
		130B984B23FFC92C00DE6C60 /* EmailFieldViewModel.swift in Sources */ = {isa = PBXBuildFile; fileRef = 130B984A23FFC92C00DE6C60 /* EmailFieldViewModel.swift */; };
		133A595324054C3700BAC954 /* CloudTableView.swift in Sources */ = {isa = PBXBuildFile; fileRef = 133A595224054C3700BAC954 /* CloudTableView.swift */; };
		133A595524054C4600BAC954 /* CloudTableHeaderView.swift in Sources */ = {isa = PBXBuildFile; fileRef = 133A595424054C4600BAC954 /* CloudTableHeaderView.swift */; };
		133A595724054C6200BAC954 /* CloudTableViewSectionHeader.swift in Sources */ = {isa = PBXBuildFile; fileRef = 133A595624054C6200BAC954 /* CloudTableViewSectionHeader.swift */; };
		133A595924054C7100BAC954 /* CloudTableViewCell.swift in Sources */ = {isa = PBXBuildFile; fileRef = 133A595824054C7100BAC954 /* CloudTableViewCell.swift */; };
		133A595B24054CF800BAC954 /* CloudTableViewVM.swift in Sources */ = {isa = PBXBuildFile; fileRef = 133A595A24054CF800BAC954 /* CloudTableViewVM.swift */; };
		133A595D24054D0C00BAC954 /* CloudTableViewCellVM.swift in Sources */ = {isa = PBXBuildFile; fileRef = 133A595C24054D0C00BAC954 /* CloudTableViewCellVM.swift */; };
		133A596D240559C700BAC954 /* FilesTableView.swift in Sources */ = {isa = PBXBuildFile; fileRef = 133A596C240559C700BAC954 /* FilesTableView.swift */; };
		133A596F240559D200BAC954 /* FilesTableViewCell.swift in Sources */ = {isa = PBXBuildFile; fileRef = 133A596E240559D200BAC954 /* FilesTableViewCell.swift */; };
		133A5971240559E000BAC954 /* FilesTableViewVM.swift in Sources */ = {isa = PBXBuildFile; fileRef = 133A5970240559E000BAC954 /* FilesTableViewVM.swift */; };
		133A5973240559ED00BAC954 /* FilesTableViewCellVM.swift in Sources */ = {isa = PBXBuildFile; fileRef = 133A5972240559ED00BAC954 /* FilesTableViewCellVM.swift */; };
		133A5975240564D600BAC954 /* UITableView + escaping.swift in Sources */ = {isa = PBXBuildFile; fileRef = 133A5974240564D600BAC954 /* UITableView + escaping.swift */; };
		137ADCE123FC04F700237368 /* AppDelegate.swift in Sources */ = {isa = PBXBuildFile; fileRef = 137ADCE023FC04F700237368 /* AppDelegate.swift */; };
		137ADCEA23FC04F900237368 /* Assets.xcassets in Resources */ = {isa = PBXBuildFile; fileRef = 137ADCE923FC04F900237368 /* Assets.xcassets */; };
		137ADCED23FC04F900237368 /* LaunchScreen.storyboard in Resources */ = {isa = PBXBuildFile; fileRef = 137ADCEB23FC04F900237368 /* LaunchScreen.storyboard */; };
		137ADCF823FC076200237368 /* Constraints.swift in Sources */ = {isa = PBXBuildFile; fileRef = 137ADCF723FC076200237368 /* Constraints.swift */; };
		137ADCFA23FC077700237368 /* WebImageView.swift in Sources */ = {isa = PBXBuildFile; fileRef = 137ADCF923FC077700237368 /* WebImageView.swift */; };
		137ADD0223FC07F500237368 /* UIColor + ThemeColors.swift in Sources */ = {isa = PBXBuildFile; fileRef = 137ADD0123FC07F500237368 /* UIColor + ThemeColors.swift */; };
		137ADD0623FC081700237368 /* UILabel + Theme.swift in Sources */ = {isa = PBXBuildFile; fileRef = 137ADD0523FC081700237368 /* UILabel + Theme.swift */; };
		137ADD0823FC082A00237368 /* UIColor + hexValue.swift in Sources */ = {isa = PBXBuildFile; fileRef = 137ADD0723FC082A00237368 /* UIColor + hexValue.swift */; };
		137ADD0A23FC085700237368 /* UIButton + Theme.swift in Sources */ = {isa = PBXBuildFile; fileRef = 137ADD0923FC085700237368 /* UIButton + Theme.swift */; };
		137ADD0D23FC092400237368 /* UIButton + Custom.swift in Sources */ = {isa = PBXBuildFile; fileRef = 137ADD0C23FC092400237368 /* UIButton + Custom.swift */; };
		137ADD1523FC099000237368 /* NetworkService.swift in Sources */ = {isa = PBXBuildFile; fileRef = 137ADD1423FC099000237368 /* NetworkService.swift */; };
		137ADD1723FC09A300237368 /* NetworkDataFetcher.swift in Sources */ = {isa = PBXBuildFile; fileRef = 137ADD1623FC09A300237368 /* NetworkDataFetcher.swift */; };
		137ADD1923FC09B600237368 /* DataFetcherService.swift in Sources */ = {isa = PBXBuildFile; fileRef = 137ADD1823FC09B600237368 /* DataFetcherService.swift */; };
		137ADD1C23FC09F600237368 /* StoryboardInitializable.swift in Sources */ = {isa = PBXBuildFile; fileRef = 137ADD1B23FC09F600237368 /* StoryboardInitializable.swift */; };
		137ADD3023FC0B0500237368 /* TTNorms-Thin.ttf in Resources */ = {isa = PBXBuildFile; fileRef = 137ADD2023FC0B0500237368 /* TTNorms-Thin.ttf */; };
		137ADD3123FC0B0500237368 /* TTNorms-BoldItalic.ttf in Resources */ = {isa = PBXBuildFile; fileRef = 137ADD2123FC0B0500237368 /* TTNorms-BoldItalic.ttf */; };
		137ADD3223FC0B0500237368 /* TTNorms-Bold.ttf in Resources */ = {isa = PBXBuildFile; fileRef = 137ADD2223FC0B0500237368 /* TTNorms-Bold.ttf */; };
		137ADD3323FC0B0500237368 /* TTNorms-Regular.ttf in Resources */ = {isa = PBXBuildFile; fileRef = 137ADD2323FC0B0500237368 /* TTNorms-Regular.ttf */; };
		137ADD3423FC0B0500237368 /* TTNorms-MediumItalic.ttf in Resources */ = {isa = PBXBuildFile; fileRef = 137ADD2423FC0B0500237368 /* TTNorms-MediumItalic.ttf */; };
		137ADD3523FC0B0500237368 /* TTNorms-ExtraLight.ttf in Resources */ = {isa = PBXBuildFile; fileRef = 137ADD2523FC0B0500237368 /* TTNorms-ExtraLight.ttf */; };
		137ADD3623FC0B0500237368 /* TTNorms-ThinItalic.ttf in Resources */ = {isa = PBXBuildFile; fileRef = 137ADD2623FC0B0500237368 /* TTNorms-ThinItalic.ttf */; };
		137ADD3723FC0B0500237368 /* TTNorms-Medium.ttf in Resources */ = {isa = PBXBuildFile; fileRef = 137ADD2723FC0B0500237368 /* TTNorms-Medium.ttf */; };
		137ADD3823FC0B0500237368 /* TTNorms-LightItalic.ttf in Resources */ = {isa = PBXBuildFile; fileRef = 137ADD2823FC0B0500237368 /* TTNorms-LightItalic.ttf */; };
		137ADD3923FC0B0500237368 /* TTNorms-HeavyItalic.ttf in Resources */ = {isa = PBXBuildFile; fileRef = 137ADD2923FC0B0500237368 /* TTNorms-HeavyItalic.ttf */; };
		137ADD3A23FC0B0500237368 /* TTNorms-ExtraBoldItalic.ttf in Resources */ = {isa = PBXBuildFile; fileRef = 137ADD2A23FC0B0500237368 /* TTNorms-ExtraBoldItalic.ttf */; };
		137ADD3B23FC0B0500237368 /* TTNorms-ExtraBold.ttf in Resources */ = {isa = PBXBuildFile; fileRef = 137ADD2B23FC0B0500237368 /* TTNorms-ExtraBold.ttf */; };
		137ADD3C23FC0B0500237368 /* TTNorms-ExtraLightItalic.ttf in Resources */ = {isa = PBXBuildFile; fileRef = 137ADD2C23FC0B0500237368 /* TTNorms-ExtraLightItalic.ttf */; };
		137ADD3D23FC0B0500237368 /* TTNorms-Light.ttf in Resources */ = {isa = PBXBuildFile; fileRef = 137ADD2D23FC0B0500237368 /* TTNorms-Light.ttf */; };
		137ADD3E23FC0B0500237368 /* TTNorms-Heavy.ttf in Resources */ = {isa = PBXBuildFile; fileRef = 137ADD2E23FC0B0500237368 /* TTNorms-Heavy.ttf */; };
		137ADD3F23FC0B0500237368 /* TTNorms-Italic.ttf in Resources */ = {isa = PBXBuildFile; fileRef = 137ADD2F23FC0B0500237368 /* TTNorms-Italic.ttf */; };
		137ADD4223FC147800237368 /* SplashViewController.swift in Sources */ = {isa = PBXBuildFile; fileRef = 137ADD4123FC147800237368 /* SplashViewController.swift */; };
		137ADD4723FC25B600237368 /* WelcomeViewController.swift in Sources */ = {isa = PBXBuildFile; fileRef = 137ADD4623FC25B600237368 /* WelcomeViewController.swift */; };
		137ADD4923FC296300237368 /* UILabel + lineSpacing.swift in Sources */ = {isa = PBXBuildFile; fileRef = 137ADD4823FC296300237368 /* UILabel + lineSpacing.swift */; };
		137ADD4C23FC303800237368 /* ARQLogo.swift in Sources */ = {isa = PBXBuildFile; fileRef = 137ADD4B23FC303800237368 /* ARQLogo.swift */; };
		137ADD5123FC328E00237368 /* ARQIconView.swift in Sources */ = {isa = PBXBuildFile; fileRef = 137ADD5023FC328E00237368 /* ARQIconView.swift */; };
		137ADD5723FC36C600237368 /* AuthViewController.swift in Sources */ = {isa = PBXBuildFile; fileRef = 137ADD5623FC36C600237368 /* AuthViewController.swift */; };
		137ADD5923FC36D300237368 /* AuthViewModel.swift in Sources */ = {isa = PBXBuildFile; fileRef = 137ADD5823FC36D300237368 /* AuthViewModel.swift */; };
		137ADD5C23FC371000237368 /* AuthData.swift in Sources */ = {isa = PBXBuildFile; fileRef = 137ADD5B23FC371000237368 /* AuthData.swift */; };
		137ADD6123FC3E4600237368 /* UIView+Border.swift in Sources */ = {isa = PBXBuildFile; fileRef = 137ADD6023FC3E4600237368 /* UIView+Border.swift */; };
		13BAE7F42403FDDE008A44E0 /* SelectCloudViewController.swift in Sources */ = {isa = PBXBuildFile; fileRef = 13BAE7F32403FDDE008A44E0 /* SelectCloudViewController.swift */; };
		13BAE7F62403FDEC008A44E0 /* SelectCloudVM.swift in Sources */ = {isa = PBXBuildFile; fileRef = 13BAE7F52403FDEC008A44E0 /* SelectCloudVM.swift */; };
		13BAE7F82404026C008A44E0 /* SelectCloudTableView.swift in Sources */ = {isa = PBXBuildFile; fileRef = 13BAE7F72404026C008A44E0 /* SelectCloudTableView.swift */; };
		13BAE7FC24040327008A44E0 /* SelectCloudTableViewCell.swift in Sources */ = {isa = PBXBuildFile; fileRef = 13BAE7FB24040327008A44E0 /* SelectCloudTableViewCell.swift */; };
		13BAE7FE240403B2008A44E0 /* SelectCloudTableViewVM.swift in Sources */ = {isa = PBXBuildFile; fileRef = 13BAE7FD240403B2008A44E0 /* SelectCloudTableViewVM.swift */; };
		13BAE80024040401008A44E0 /* SelectCloudTableViewCellVM.swift in Sources */ = {isa = PBXBuildFile; fileRef = 13BAE7FF24040401008A44E0 /* SelectCloudTableViewCellVM.swift */; };
		13BAE802240404F9008A44E0 /* SelectCloudHeaderView.swift in Sources */ = {isa = PBXBuildFile; fileRef = 13BAE801240404F9008A44E0 /* SelectCloudHeaderView.swift */; };
		13BAE806240408ED008A44E0 /* SelectFilesDescriptionView.swift in Sources */ = {isa = PBXBuildFile; fileRef = 13BAE805240408ED008A44E0 /* SelectFilesDescriptionView.swift */; };
		13BAE80824040E05008A44E0 /* SelectCloudModel.swift in Sources */ = {isa = PBXBuildFile; fileRef = 13BAE80724040E05008A44E0 /* SelectCloudModel.swift */; };
		13BAE81524041552008A44E0 /* FormatListViewController.swift in Sources */ = {isa = PBXBuildFile; fileRef = 13BAE81424041552008A44E0 /* FormatListViewController.swift */; };
		13BAE81724041569008A44E0 /* FormatListVM.swift in Sources */ = {isa = PBXBuildFile; fileRef = 13BAE81624041569008A44E0 /* FormatListVM.swift */; };
		13BAE81924041583008A44E0 /* FormatListTableView.swift in Sources */ = {isa = PBXBuildFile; fileRef = 13BAE81824041583008A44E0 /* FormatListTableView.swift */; };
		13BAE81B2404158F008A44E0 /* FormatListTableViewCell.swift in Sources */ = {isa = PBXBuildFile; fileRef = 13BAE81A2404158F008A44E0 /* FormatListTableViewCell.swift */; };
		13BAE81D2404159B008A44E0 /* FormatListTableHeaderView.swift in Sources */ = {isa = PBXBuildFile; fileRef = 13BAE81C2404159B008A44E0 /* FormatListTableHeaderView.swift */; };
		13BAE81F240415AA008A44E0 /* FormatListTableViewVM.swift in Sources */ = {isa = PBXBuildFile; fileRef = 13BAE81E240415AA008A44E0 /* FormatListTableViewVM.swift */; };
		13BAE821240415B3008A44E0 /* FormatListTableViewCellVM.swift in Sources */ = {isa = PBXBuildFile; fileRef = 13BAE820240415B3008A44E0 /* FormatListTableViewCellVM.swift */; };
		13BAE823240417C7008A44E0 /* FormatListModel.swift in Sources */ = {isa = PBXBuildFile; fileRef = 13BAE822240417C7008A44E0 /* FormatListModel.swift */; };
		13BAE82924052D1C008A44E0 /* CloudViewController.swift in Sources */ = {isa = PBXBuildFile; fileRef = 13BAE82824052D1C008A44E0 /* CloudViewController.swift */; };
		13BAE82B24052D78008A44E0 /* CloudViewModel.swift in Sources */ = {isa = PBXBuildFile; fileRef = 13BAE82A24052D78008A44E0 /* CloudViewModel.swift */; };
		13BAE82D24052D91008A44E0 /* CloudModel.swift in Sources */ = {isa = PBXBuildFile; fileRef = 13BAE82C24052D91008A44E0 /* CloudModel.swift */; };
		13BAE83524054033008A44E0 /* UIImage + UIView.swift in Sources */ = {isa = PBXBuildFile; fileRef = 13BAE83424054033008A44E0 /* UIImage + UIView.swift */; };
		13D5BB0C2408FE1000A65256 /* ProjectsViewAction.swift in Sources */ = {isa = PBXBuildFile; fileRef = 13D5BB0B2408FE1000A65256 /* ProjectsViewAction.swift */; };
		13D5BB0E2409209E00A65256 /* CustomAlertAction.swift in Sources */ = {isa = PBXBuildFile; fileRef = 13D5BB0D2409209E00A65256 /* CustomAlertAction.swift */; };
		13D5BB1024092B9600A65256 /* UIAlertAction + setup.swift in Sources */ = {isa = PBXBuildFile; fileRef = 13D5BB0F24092B9600A65256 /* UIAlertAction + setup.swift */; };
		13D5BB122409396C00A65256 /* ProjectsNavigation.swift in Sources */ = {isa = PBXBuildFile; fileRef = 13D5BB112409396C00A65256 /* ProjectsNavigation.swift */; };
		13D5BB1B240944D200A65256 /* ProjectFileModel.swift in Sources */ = {isa = PBXBuildFile; fileRef = 13D5BB1A240944D200A65256 /* ProjectFileModel.swift */; };
		13D5BB2524094D2C00A65256 /* LocalFileFetcher.swift in Sources */ = {isa = PBXBuildFile; fileRef = 13D5BB2424094D2C00A65256 /* LocalFileFetcher.swift */; };
		13D5BB29240950C000A65256 /* StorageManager.swift in Sources */ = {isa = PBXBuildFile; fileRef = 13D5BB28240950C000A65256 /* StorageManager.swift */; };
		13D5BB3E2409698400A65256 /* TrueFormats.swift in Sources */ = {isa = PBXBuildFile; fileRef = 13D5BB3D2409698400A65256 /* TrueFormats.swift */; };
/* End PBXBuildFile section */

/* Begin PBXFileReference section */
		130ADBF72406837C00E6EAE3 /* FileManager + contentsOfDirectoryURLs.swift */ = {isa = PBXFileReference; lastKnownFileType = sourcecode.swift; path = "FileManager + contentsOfDirectoryURLs.swift"; sourceTree = "<group>"; };
		130ADBF9240692AD00E6EAE3 /* viewer-file.png */ = {isa = PBXFileReference; lastKnownFileType = image.png; path = "viewer-file.png"; sourceTree = "<group>"; };
		130ADBFB240694DE00E6EAE3 /* FormatSettings.plist */ = {isa = PBXFileReference; lastKnownFileType = text.plist.xml; path = FormatSettings.plist; sourceTree = "<group>"; };
		130ADC002406B12C00E6EAE3 /* ToastViewController.swift */ = {isa = PBXFileReference; lastKnownFileType = sourcecode.swift; path = ToastViewController.swift; sourceTree = "<group>"; };
		130ADC022406B13E00E6EAE3 /* ToastPresentationController.swift */ = {isa = PBXFileReference; lastKnownFileType = sourcecode.swift; path = ToastPresentationController.swift; sourceTree = "<group>"; };
		130ADC052406B1C600E6EAE3 /* PresentationController.swift */ = {isa = PBXFileReference; lastKnownFileType = sourcecode.swift; path = PresentationController.swift; sourceTree = "<group>"; };
		130ADC0D2407C33C00E6EAE3 /* CloudPopUpViewController.swift */ = {isa = PBXFileReference; lastKnownFileType = sourcecode.swift; path = CloudPopUpViewController.swift; sourceTree = "<group>"; };
		130ADC0F2407C3BE00E6EAE3 /* CPopUpTableView.swift */ = {isa = PBXFileReference; lastKnownFileType = sourcecode.swift; path = CPopUpTableView.swift; sourceTree = "<group>"; };
		130ADC112407C3D000E6EAE3 /* CPopUpTableViewCell.swift */ = {isa = PBXFileReference; lastKnownFileType = sourcecode.swift; path = CPopUpTableViewCell.swift; sourceTree = "<group>"; };
		130ADC152407C3E800E6EAE3 /* CPopUpTableViewCellVM.swift */ = {isa = PBXFileReference; lastKnownFileType = sourcecode.swift; path = CPopUpTableViewCellVM.swift; sourceTree = "<group>"; };
		130ADC172407C3F400E6EAE3 /* CPopUpTableViewVM.swift */ = {isa = PBXFileReference; lastKnownFileType = sourcecode.swift; path = CPopUpTableViewVM.swift; sourceTree = "<group>"; };
		130ADC192407C68400E6EAE3 /* CloudPopUpViewControllerVM.swift */ = {isa = PBXFileReference; lastKnownFileType = sourcecode.swift; path = CloudPopUpViewControllerVM.swift; sourceTree = "<group>"; };
		130ADC1B2407CB5800E6EAE3 /* CPopUpTableHeaderView.swift */ = {isa = PBXFileReference; lastKnownFileType = sourcecode.swift; path = CPopUpTableHeaderView.swift; sourceTree = "<group>"; };
		130B97F723FD282700DE6C60 /* TextFieldModel.swift */ = {isa = PBXFileReference; lastKnownFileType = sourcecode.swift; path = TextFieldModel.swift; sourceTree = "<group>"; };
		130B97F923FD290700DE6C60 /* TextFieldView.swift */ = {isa = PBXFileReference; lastKnownFileType = sourcecode.swift; path = TextFieldView.swift; sourceTree = "<group>"; };
		130B981F23FD647500DE6C60 /* ProjectsViewController.swift */ = {isa = PBXFileReference; lastKnownFileType = sourcecode.swift; path = ProjectsViewController.swift; sourceTree = "<group>"; };
		130B982123FD64C000DE6C60 /* ProjectsViewModel.swift */ = {isa = PBXFileReference; lastKnownFileType = sourcecode.swift; path = ProjectsViewModel.swift; sourceTree = "<group>"; };
		130B982323FD67A000DE6C60 /* ProjectsCollectionView.swift */ = {isa = PBXFileReference; lastKnownFileType = sourcecode.swift; path = ProjectsCollectionView.swift; sourceTree = "<group>"; };
		130B982523FD688000DE6C60 /* AppleMusicModel.swift */ = {isa = PBXFileReference; lastKnownFileType = sourcecode.swift; path = AppleMusicModel.swift; sourceTree = "<group>"; };
		130B982723FD690B00DE6C60 /* ProjectsCollectionViewVM.swift */ = {isa = PBXFileReference; lastKnownFileType = sourcecode.swift; path = ProjectsCollectionViewVM.swift; sourceTree = "<group>"; };
		130B982923FD695300DE6C60 /* ProjectsCollectionViewCellVM.swift */ = {isa = PBXFileReference; lastKnownFileType = sourcecode.swift; path = ProjectsCollectionViewCellVM.swift; sourceTree = "<group>"; };
		130B982B23FD695F00DE6C60 /* ProjectsCollectionViewCell.swift */ = {isa = PBXFileReference; lastKnownFileType = sourcecode.swift; path = ProjectsCollectionViewCell.swift; sourceTree = "<group>"; };
		130B982D23FD6EC100DE6C60 /* UINavigationBar + bottomLine.swift */ = {isa = PBXFileReference; lastKnownFileType = sourcecode.swift; path = "UINavigationBar + bottomLine.swift"; sourceTree = "<group>"; };
		130B982F23FD6F8C00DE6C60 /* ProjectsContextViewMenu.swift */ = {isa = PBXFileReference; lastKnownFileType = sourcecode.swift; path = ProjectsContextViewMenu.swift; sourceTree = "<group>"; };
		130B984823FFC91600DE6C60 /* PasswordFieldViewModel.swift */ = {isa = PBXFileReference; lastKnownFileType = sourcecode.swift; path = PasswordFieldViewModel.swift; sourceTree = "<group>"; };
		130B984A23FFC92C00DE6C60 /* EmailFieldViewModel.swift */ = {isa = PBXFileReference; lastKnownFileType = sourcecode.swift; path = EmailFieldViewModel.swift; sourceTree = "<group>"; };
		133A595224054C3700BAC954 /* CloudTableView.swift */ = {isa = PBXFileReference; lastKnownFileType = sourcecode.swift; path = CloudTableView.swift; sourceTree = "<group>"; };
		133A595424054C4600BAC954 /* CloudTableHeaderView.swift */ = {isa = PBXFileReference; lastKnownFileType = sourcecode.swift; path = CloudTableHeaderView.swift; sourceTree = "<group>"; };
		133A595624054C6200BAC954 /* CloudTableViewSectionHeader.swift */ = {isa = PBXFileReference; lastKnownFileType = sourcecode.swift; path = CloudTableViewSectionHeader.swift; sourceTree = "<group>"; };
		133A595824054C7100BAC954 /* CloudTableViewCell.swift */ = {isa = PBXFileReference; lastKnownFileType = sourcecode.swift; path = CloudTableViewCell.swift; sourceTree = "<group>"; };
		133A595A24054CF800BAC954 /* CloudTableViewVM.swift */ = {isa = PBXFileReference; lastKnownFileType = sourcecode.swift; path = CloudTableViewVM.swift; sourceTree = "<group>"; };
		133A595C24054D0C00BAC954 /* CloudTableViewCellVM.swift */ = {isa = PBXFileReference; lastKnownFileType = sourcecode.swift; path = CloudTableViewCellVM.swift; sourceTree = "<group>"; };
		133A596C240559C700BAC954 /* FilesTableView.swift */ = {isa = PBXFileReference; lastKnownFileType = sourcecode.swift; path = FilesTableView.swift; sourceTree = "<group>"; };
		133A596E240559D200BAC954 /* FilesTableViewCell.swift */ = {isa = PBXFileReference; lastKnownFileType = sourcecode.swift; path = FilesTableViewCell.swift; sourceTree = "<group>"; };
		133A5970240559E000BAC954 /* FilesTableViewVM.swift */ = {isa = PBXFileReference; lastKnownFileType = sourcecode.swift; path = FilesTableViewVM.swift; sourceTree = "<group>"; };
		133A5972240559ED00BAC954 /* FilesTableViewCellVM.swift */ = {isa = PBXFileReference; lastKnownFileType = sourcecode.swift; path = FilesTableViewCellVM.swift; sourceTree = "<group>"; };
		133A5974240564D600BAC954 /* UITableView + escaping.swift */ = {isa = PBXFileReference; lastKnownFileType = sourcecode.swift; path = "UITableView + escaping.swift"; sourceTree = "<group>"; };
		137ADCDD23FC04F700237368 /* viewer-final.app */ = {isa = PBXFileReference; explicitFileType = wrapper.application; includeInIndex = 0; path = "viewer-final.app"; sourceTree = BUILT_PRODUCTS_DIR; };
		137ADCE023FC04F700237368 /* AppDelegate.swift */ = {isa = PBXFileReference; lastKnownFileType = sourcecode.swift; path = AppDelegate.swift; sourceTree = "<group>"; };
		137ADCE923FC04F900237368 /* Assets.xcassets */ = {isa = PBXFileReference; lastKnownFileType = folder.assetcatalog; path = Assets.xcassets; sourceTree = "<group>"; };
		137ADCEC23FC04F900237368 /* Base */ = {isa = PBXFileReference; lastKnownFileType = file.storyboard; name = Base; path = Base.lproj/LaunchScreen.storyboard; sourceTree = "<group>"; };
		137ADCEE23FC04F900237368 /* Info.plist */ = {isa = PBXFileReference; lastKnownFileType = text.plist.xml; path = Info.plist; sourceTree = "<group>"; };
		137ADCF723FC076200237368 /* Constraints.swift */ = {isa = PBXFileReference; lastKnownFileType = sourcecode.swift; path = Constraints.swift; sourceTree = "<group>"; };
		137ADCF923FC077700237368 /* WebImageView.swift */ = {isa = PBXFileReference; lastKnownFileType = sourcecode.swift; path = WebImageView.swift; sourceTree = "<group>"; };
		137ADD0123FC07F500237368 /* UIColor + ThemeColors.swift */ = {isa = PBXFileReference; lastKnownFileType = sourcecode.swift; path = "UIColor + ThemeColors.swift"; sourceTree = "<group>"; };
		137ADD0523FC081700237368 /* UILabel + Theme.swift */ = {isa = PBXFileReference; lastKnownFileType = sourcecode.swift; path = "UILabel + Theme.swift"; sourceTree = "<group>"; };
		137ADD0723FC082A00237368 /* UIColor + hexValue.swift */ = {isa = PBXFileReference; lastKnownFileType = sourcecode.swift; path = "UIColor + hexValue.swift"; sourceTree = "<group>"; };
		137ADD0923FC085700237368 /* UIButton + Theme.swift */ = {isa = PBXFileReference; lastKnownFileType = sourcecode.swift; path = "UIButton + Theme.swift"; sourceTree = "<group>"; };
		137ADD0C23FC092400237368 /* UIButton + Custom.swift */ = {isa = PBXFileReference; lastKnownFileType = sourcecode.swift; path = "UIButton + Custom.swift"; sourceTree = "<group>"; };
		137ADD1423FC099000237368 /* NetworkService.swift */ = {isa = PBXFileReference; lastKnownFileType = sourcecode.swift; path = NetworkService.swift; sourceTree = "<group>"; };
		137ADD1623FC09A300237368 /* NetworkDataFetcher.swift */ = {isa = PBXFileReference; lastKnownFileType = sourcecode.swift; path = NetworkDataFetcher.swift; sourceTree = "<group>"; };
		137ADD1823FC09B600237368 /* DataFetcherService.swift */ = {isa = PBXFileReference; lastKnownFileType = sourcecode.swift; path = DataFetcherService.swift; sourceTree = "<group>"; };
		137ADD1B23FC09F600237368 /* StoryboardInitializable.swift */ = {isa = PBXFileReference; lastKnownFileType = sourcecode.swift; path = StoryboardInitializable.swift; sourceTree = "<group>"; };
		137ADD2023FC0B0500237368 /* TTNorms-Thin.ttf */ = {isa = PBXFileReference; lastKnownFileType = file; path = "TTNorms-Thin.ttf"; sourceTree = "<group>"; };
		137ADD2123FC0B0500237368 /* TTNorms-BoldItalic.ttf */ = {isa = PBXFileReference; lastKnownFileType = file; path = "TTNorms-BoldItalic.ttf"; sourceTree = "<group>"; };
		137ADD2223FC0B0500237368 /* TTNorms-Bold.ttf */ = {isa = PBXFileReference; lastKnownFileType = file; path = "TTNorms-Bold.ttf"; sourceTree = "<group>"; };
		137ADD2323FC0B0500237368 /* TTNorms-Regular.ttf */ = {isa = PBXFileReference; lastKnownFileType = file; path = "TTNorms-Regular.ttf"; sourceTree = "<group>"; };
		137ADD2423FC0B0500237368 /* TTNorms-MediumItalic.ttf */ = {isa = PBXFileReference; lastKnownFileType = file; path = "TTNorms-MediumItalic.ttf"; sourceTree = "<group>"; };
		137ADD2523FC0B0500237368 /* TTNorms-ExtraLight.ttf */ = {isa = PBXFileReference; lastKnownFileType = file; path = "TTNorms-ExtraLight.ttf"; sourceTree = "<group>"; };
		137ADD2623FC0B0500237368 /* TTNorms-ThinItalic.ttf */ = {isa = PBXFileReference; lastKnownFileType = file; path = "TTNorms-ThinItalic.ttf"; sourceTree = "<group>"; };
		137ADD2723FC0B0500237368 /* TTNorms-Medium.ttf */ = {isa = PBXFileReference; lastKnownFileType = file; path = "TTNorms-Medium.ttf"; sourceTree = "<group>"; };
		137ADD2823FC0B0500237368 /* TTNorms-LightItalic.ttf */ = {isa = PBXFileReference; lastKnownFileType = file; path = "TTNorms-LightItalic.ttf"; sourceTree = "<group>"; };
		137ADD2923FC0B0500237368 /* TTNorms-HeavyItalic.ttf */ = {isa = PBXFileReference; lastKnownFileType = file; path = "TTNorms-HeavyItalic.ttf"; sourceTree = "<group>"; };
		137ADD2A23FC0B0500237368 /* TTNorms-ExtraBoldItalic.ttf */ = {isa = PBXFileReference; lastKnownFileType = file; path = "TTNorms-ExtraBoldItalic.ttf"; sourceTree = "<group>"; };
		137ADD2B23FC0B0500237368 /* TTNorms-ExtraBold.ttf */ = {isa = PBXFileReference; lastKnownFileType = file; path = "TTNorms-ExtraBold.ttf"; sourceTree = "<group>"; };
		137ADD2C23FC0B0500237368 /* TTNorms-ExtraLightItalic.ttf */ = {isa = PBXFileReference; lastKnownFileType = file; path = "TTNorms-ExtraLightItalic.ttf"; sourceTree = "<group>"; };
		137ADD2D23FC0B0500237368 /* TTNorms-Light.ttf */ = {isa = PBXFileReference; lastKnownFileType = file; path = "TTNorms-Light.ttf"; sourceTree = "<group>"; };
		137ADD2E23FC0B0500237368 /* TTNorms-Heavy.ttf */ = {isa = PBXFileReference; lastKnownFileType = file; path = "TTNorms-Heavy.ttf"; sourceTree = "<group>"; };
		137ADD2F23FC0B0500237368 /* TTNorms-Italic.ttf */ = {isa = PBXFileReference; lastKnownFileType = file; path = "TTNorms-Italic.ttf"; sourceTree = "<group>"; };
		137ADD4123FC147800237368 /* SplashViewController.swift */ = {isa = PBXFileReference; lastKnownFileType = sourcecode.swift; path = SplashViewController.swift; sourceTree = "<group>"; };
		137ADD4623FC25B600237368 /* WelcomeViewController.swift */ = {isa = PBXFileReference; lastKnownFileType = sourcecode.swift; path = WelcomeViewController.swift; sourceTree = "<group>"; };
		137ADD4823FC296300237368 /* UILabel + lineSpacing.swift */ = {isa = PBXFileReference; lastKnownFileType = sourcecode.swift; path = "UILabel + lineSpacing.swift"; sourceTree = "<group>"; };
		137ADD4B23FC303800237368 /* ARQLogo.swift */ = {isa = PBXFileReference; fileEncoding = 4; lastKnownFileType = sourcecode.swift; path = ARQLogo.swift; sourceTree = "<group>"; };
		137ADD5023FC328E00237368 /* ARQIconView.swift */ = {isa = PBXFileReference; lastKnownFileType = sourcecode.swift; path = ARQIconView.swift; sourceTree = "<group>"; };
		137ADD5623FC36C600237368 /* AuthViewController.swift */ = {isa = PBXFileReference; lastKnownFileType = sourcecode.swift; path = AuthViewController.swift; sourceTree = "<group>"; };
		137ADD5823FC36D300237368 /* AuthViewModel.swift */ = {isa = PBXFileReference; lastKnownFileType = sourcecode.swift; path = AuthViewModel.swift; sourceTree = "<group>"; };
		137ADD5B23FC371000237368 /* AuthData.swift */ = {isa = PBXFileReference; lastKnownFileType = sourcecode.swift; path = AuthData.swift; sourceTree = "<group>"; };
		137ADD6023FC3E4600237368 /* UIView+Border.swift */ = {isa = PBXFileReference; lastKnownFileType = sourcecode.swift; path = "UIView+Border.swift"; sourceTree = "<group>"; };
		13BAE7F32403FDDE008A44E0 /* SelectCloudViewController.swift */ = {isa = PBXFileReference; lastKnownFileType = sourcecode.swift; path = SelectCloudViewController.swift; sourceTree = "<group>"; };
		13BAE7F52403FDEC008A44E0 /* SelectCloudVM.swift */ = {isa = PBXFileReference; lastKnownFileType = sourcecode.swift; path = SelectCloudVM.swift; sourceTree = "<group>"; };
		13BAE7F72404026C008A44E0 /* SelectCloudTableView.swift */ = {isa = PBXFileReference; lastKnownFileType = sourcecode.swift; path = SelectCloudTableView.swift; sourceTree = "<group>"; };
		13BAE7FB24040327008A44E0 /* SelectCloudTableViewCell.swift */ = {isa = PBXFileReference; lastKnownFileType = sourcecode.swift; path = SelectCloudTableViewCell.swift; sourceTree = "<group>"; };
		13BAE7FD240403B2008A44E0 /* SelectCloudTableViewVM.swift */ = {isa = PBXFileReference; lastKnownFileType = sourcecode.swift; path = SelectCloudTableViewVM.swift; sourceTree = "<group>"; };
		13BAE7FF24040401008A44E0 /* SelectCloudTableViewCellVM.swift */ = {isa = PBXFileReference; lastKnownFileType = sourcecode.swift; path = SelectCloudTableViewCellVM.swift; sourceTree = "<group>"; };
		13BAE801240404F9008A44E0 /* SelectCloudHeaderView.swift */ = {isa = PBXFileReference; lastKnownFileType = sourcecode.swift; path = SelectCloudHeaderView.swift; sourceTree = "<group>"; };
		13BAE805240408ED008A44E0 /* SelectFilesDescriptionView.swift */ = {isa = PBXFileReference; lastKnownFileType = sourcecode.swift; path = SelectFilesDescriptionView.swift; sourceTree = "<group>"; };
		13BAE80724040E05008A44E0 /* SelectCloudModel.swift */ = {isa = PBXFileReference; lastKnownFileType = sourcecode.swift; path = SelectCloudModel.swift; sourceTree = "<group>"; };
		13BAE81424041552008A44E0 /* FormatListViewController.swift */ = {isa = PBXFileReference; lastKnownFileType = sourcecode.swift; path = FormatListViewController.swift; sourceTree = "<group>"; };
		13BAE81624041569008A44E0 /* FormatListVM.swift */ = {isa = PBXFileReference; lastKnownFileType = sourcecode.swift; path = FormatListVM.swift; sourceTree = "<group>"; };
		13BAE81824041583008A44E0 /* FormatListTableView.swift */ = {isa = PBXFileReference; lastKnownFileType = sourcecode.swift; path = FormatListTableView.swift; sourceTree = "<group>"; };
		13BAE81A2404158F008A44E0 /* FormatListTableViewCell.swift */ = {isa = PBXFileReference; lastKnownFileType = sourcecode.swift; path = FormatListTableViewCell.swift; sourceTree = "<group>"; };
		13BAE81C2404159B008A44E0 /* FormatListTableHeaderView.swift */ = {isa = PBXFileReference; lastKnownFileType = sourcecode.swift; path = FormatListTableHeaderView.swift; sourceTree = "<group>"; };
		13BAE81E240415AA008A44E0 /* FormatListTableViewVM.swift */ = {isa = PBXFileReference; lastKnownFileType = sourcecode.swift; path = FormatListTableViewVM.swift; sourceTree = "<group>"; };
		13BAE820240415B3008A44E0 /* FormatListTableViewCellVM.swift */ = {isa = PBXFileReference; lastKnownFileType = sourcecode.swift; path = FormatListTableViewCellVM.swift; sourceTree = "<group>"; };
		13BAE822240417C7008A44E0 /* FormatListModel.swift */ = {isa = PBXFileReference; lastKnownFileType = sourcecode.swift; path = FormatListModel.swift; sourceTree = "<group>"; };
		13BAE82824052D1C008A44E0 /* CloudViewController.swift */ = {isa = PBXFileReference; lastKnownFileType = sourcecode.swift; path = CloudViewController.swift; sourceTree = "<group>"; };
		13BAE82A24052D78008A44E0 /* CloudViewModel.swift */ = {isa = PBXFileReference; lastKnownFileType = sourcecode.swift; path = CloudViewModel.swift; sourceTree = "<group>"; };
		13BAE82C24052D91008A44E0 /* CloudModel.swift */ = {isa = PBXFileReference; lastKnownFileType = sourcecode.swift; path = CloudModel.swift; sourceTree = "<group>"; };
		13BAE83424054033008A44E0 /* UIImage + UIView.swift */ = {isa = PBXFileReference; lastKnownFileType = sourcecode.swift; path = "UIImage + UIView.swift"; sourceTree = "<group>"; };
		13D5BB0B2408FE1000A65256 /* ProjectsViewAction.swift */ = {isa = PBXFileReference; lastKnownFileType = sourcecode.swift; path = ProjectsViewAction.swift; sourceTree = "<group>"; };
		13D5BB0D2409209E00A65256 /* CustomAlertAction.swift */ = {isa = PBXFileReference; lastKnownFileType = sourcecode.swift; path = CustomAlertAction.swift; sourceTree = "<group>"; };
		13D5BB0F24092B9600A65256 /* UIAlertAction + setup.swift */ = {isa = PBXFileReference; lastKnownFileType = sourcecode.swift; path = "UIAlertAction + setup.swift"; sourceTree = "<group>"; };
		13D5BB112409396C00A65256 /* ProjectsNavigation.swift */ = {isa = PBXFileReference; lastKnownFileType = sourcecode.swift; path = ProjectsNavigation.swift; sourceTree = "<group>"; };
		13D5BB1A240944D200A65256 /* ProjectFileModel.swift */ = {isa = PBXFileReference; lastKnownFileType = sourcecode.swift; path = ProjectFileModel.swift; sourceTree = "<group>"; };
		13D5BB2424094D2C00A65256 /* LocalFileFetcher.swift */ = {isa = PBXFileReference; lastKnownFileType = sourcecode.swift; path = LocalFileFetcher.swift; sourceTree = "<group>"; };
		13D5BB28240950C000A65256 /* StorageManager.swift */ = {isa = PBXFileReference; lastKnownFileType = sourcecode.swift; path = StorageManager.swift; sourceTree = "<group>"; };
		13D5BB2C24095C2500A65256 /* Realm.framework */ = {isa = PBXFileReference; explicitFileType = wrapper.framework; path = Realm.framework; sourceTree = BUILT_PRODUCTS_DIR; };
		13D5BB2D24095C2500A65256 /* RealmSwift.framework */ = {isa = PBXFileReference; explicitFileType = wrapper.framework; path = RealmSwift.framework; sourceTree = BUILT_PRODUCTS_DIR; };
		13D5BB3624095D2900A65256 /* Realm.framework */ = {isa = PBXFileReference; explicitFileType = wrapper.framework; path = Realm.framework; sourceTree = BUILT_PRODUCTS_DIR; };
		13D5BB3724095D2900A65256 /* RealmSwift.framework */ = {isa = PBXFileReference; explicitFileType = wrapper.framework; path = RealmSwift.framework; sourceTree = BUILT_PRODUCTS_DIR; };
		13D5BB3D2409698400A65256 /* TrueFormats.swift */ = {isa = PBXFileReference; lastKnownFileType = sourcecode.swift; path = TrueFormats.swift; sourceTree = "<group>"; };
		15B78AE3BE72EE7682A8D499 /* Pods-viewer-final.release.xcconfig */ = {isa = PBXFileReference; includeInIndex = 1; lastKnownFileType = text.xcconfig; name = "Pods-viewer-final.release.xcconfig"; path = "Target Support Files/Pods-viewer-final/Pods-viewer-final.release.xcconfig"; sourceTree = "<group>"; };
		1CB4FC396E21FD3D16F776BB /* Pods_viewer_final.framework */ = {isa = PBXFileReference; explicitFileType = wrapper.framework; includeInIndex = 0; path = Pods_viewer_final.framework; sourceTree = BUILT_PRODUCTS_DIR; };
		D942D03D497D7DD5A3203887 /* Pods-viewer-final.debug.xcconfig */ = {isa = PBXFileReference; includeInIndex = 1; lastKnownFileType = text.xcconfig; name = "Pods-viewer-final.debug.xcconfig"; path = "Target Support Files/Pods-viewer-final/Pods-viewer-final.debug.xcconfig"; sourceTree = "<group>"; };
/* End PBXFileReference section */

/* Begin PBXFrameworksBuildPhase section */
		137ADCDA23FC04F700237368 /* Frameworks */ = {
			isa = PBXFrameworksBuildPhase;
			buildActionMask = 2147483647;
			files = (
				048651FEE50247D9B114B320 /* Pods_viewer_final.framework in Frameworks */,
			);
			runOnlyForDeploymentPostprocessing = 0;
		};
/* End PBXFrameworksBuildPhase section */

/* Begin PBXGroup section */
		130ADBFF2406B12000E6EAE3 /* Toast */ = {
			isa = PBXGroup;
			children = (
				130ADC002406B12C00E6EAE3 /* ToastViewController.swift */,
				130ADC022406B13E00E6EAE3 /* ToastPresentationController.swift */,
			);
			path = Toast;
			sourceTree = "<group>";
		};
		130ADC042406B1AF00E6EAE3 /* PresentationController */ = {
			isa = PBXGroup;
			children = (
				130ADC052406B1C600E6EAE3 /* PresentationController.swift */,
			);
			path = PresentationController;
			sourceTree = "<group>";
		};
		130B981B23FD644100DE6C60 /* Projects */ = {
			isa = PBXGroup;
			children = (
				130B981E23FD645900DE6C60 /* Model */,
				130B981D23FD645700DE6C60 /* View */,
				130B981C23FD645400DE6C60 /* ViewModel */,
				13D5BB0F24092B9600A65256 /* UIAlertAction + setup.swift */,
			);
			path = Projects;
			sourceTree = "<group>";
		};
		130B981C23FD645400DE6C60 /* ViewModel */ = {
			isa = PBXGroup;
			children = (
				130B982123FD64C000DE6C60 /* ProjectsViewModel.swift */,
				130B982723FD690B00DE6C60 /* ProjectsCollectionViewVM.swift */,
				130B982923FD695300DE6C60 /* ProjectsCollectionViewCellVM.swift */,
			);
			path = ViewModel;
			sourceTree = "<group>";
		};
		130B981D23FD645700DE6C60 /* View */ = {
			isa = PBXGroup;
			children = (
				130B981F23FD647500DE6C60 /* ProjectsViewController.swift */,
				130B982323FD67A000DE6C60 /* ProjectsCollectionView.swift */,
				130B982B23FD695F00DE6C60 /* ProjectsCollectionViewCell.swift */,
				130B982F23FD6F8C00DE6C60 /* ProjectsContextViewMenu.swift */,
			);
			path = View;
			sourceTree = "<group>";
		};
		130B981E23FD645900DE6C60 /* Model */ = {
			isa = PBXGroup;
			children = (
				130B982523FD688000DE6C60 /* AppleMusicModel.swift */,
				13D5BB0B2408FE1000A65256 /* ProjectsViewAction.swift */,
				13D5BB0D2409209E00A65256 /* CustomAlertAction.swift */,
				13D5BB112409396C00A65256 /* ProjectsNavigation.swift */,
			);
			path = Model;
			sourceTree = "<group>";
		};
		137ADCD423FC04F700237368 = {
			isa = PBXGroup;
			children = (
				137ADCDF23FC04F700237368 /* viewer-final */,
				137ADCDE23FC04F700237368 /* Products */,
				9427870B44C08D05C41CB294 /* Pods */,
				3A8DB4FDA48B643755DAA3AD /* Frameworks */,
			);
			sourceTree = "<group>";
		};
		137ADCDE23FC04F700237368 /* Products */ = {
			isa = PBXGroup;
			children = (
				137ADCDD23FC04F700237368 /* viewer-final.app */,
			);
			name = Products;
			sourceTree = "<group>";
		};
		137ADCDF23FC04F700237368 /* viewer-final */ = {
			isa = PBXGroup;
			children = (
				130ADBF9240692AD00E6EAE3 /* viewer-file.png */,
				137ADCE023FC04F700237368 /* AppDelegate.swift */,
				137ADD1A23FC09E600237368 /* Library */,
				137ADCF523FC073000237368 /* Screens */,
				137ADD1223FC097300237368 /* Services */,
				137ADCFB23FC07A600237368 /* Design System */,
				137ADCF623FC074200237368 /* Helpers */,
				137ADCF423FC064700237368 /* Supporting Files */,
				130ADBFB240694DE00E6EAE3 /* FormatSettings.plist */,
			);
			path = "viewer-final";
			sourceTree = "<group>";
		};
		137ADCF423FC064700237368 /* Supporting Files */ = {
			isa = PBXGroup;
			children = (
				137ADCE923FC04F900237368 /* Assets.xcassets */,
				137ADCEB23FC04F900237368 /* LaunchScreen.storyboard */,
				137ADCEE23FC04F900237368 /* Info.plist */,
			);
			path = "Supporting Files";
			sourceTree = "<group>";
		};
		137ADCF523FC073000237368 /* Screens */ = {
			isa = PBXGroup;
			children = (
				13BAE82424052B18008A44E0 /* Cloud */,
				13BAE809240413B4008A44E0 /* FormatList */,
				13BAE7EE2403FD86008A44E0 /* SelectFrom */,
				130B981B23FD644100DE6C60 /* Projects */,
				137ADD4523FC259A00237368 /* Welcome */,
				137ADD4023FC142100237368 /* Splash */,
				137ADD5223FC364E00237368 /* Auth */,
			);
			path = Screens;
			sourceTree = "<group>";
		};
		137ADCF623FC074200237368 /* Helpers */ = {
			isa = PBXGroup;
			children = (
				137ADCF723FC076200237368 /* Constraints.swift */,
				137ADCF923FC077700237368 /* WebImageView.swift */,
			);
			path = Helpers;
			sourceTree = "<group>";
		};
		137ADCFB23FC07A600237368 /* Design System */ = {
			isa = PBXGroup;
			children = (
				137ADD0023FC07E300237368 /* UIView */,
				137ADCFF23FC07CF00237368 /* UIButtons */,
				137ADCFC23FC07B700237368 /* UIColor */,
				137ADCFD23FC07BE00237368 /* UILabel */,
				137ADCFE23FC07C400237368 /* Fonts */,
			);
			path = "Design System";
			sourceTree = "<group>";
		};
		137ADCFC23FC07B700237368 /* UIColor */ = {
			isa = PBXGroup;
			children = (
				137ADD0123FC07F500237368 /* UIColor + ThemeColors.swift */,
				137ADD0723FC082A00237368 /* UIColor + hexValue.swift */,
			);
			path = UIColor;
			sourceTree = "<group>";
		};
		137ADCFD23FC07BE00237368 /* UILabel */ = {
			isa = PBXGroup;
			children = (
				137ADD0523FC081700237368 /* UILabel + Theme.swift */,
				137ADD4823FC296300237368 /* UILabel + lineSpacing.swift */,
			);
			path = UILabel;
			sourceTree = "<group>";
		};
		137ADCFE23FC07C400237368 /* Fonts */ = {
			isa = PBXGroup;
			children = (
				137ADD1F23FC0B0500237368 /* ttnorms */,
				137ADD0923FC085700237368 /* UIButton + Theme.swift */,
			);
			path = Fonts;
			sourceTree = "<group>";
		};
		137ADCFF23FC07CF00237368 /* UIButtons */ = {
			isa = PBXGroup;
			children = (
				137ADD0C23FC092400237368 /* UIButton + Custom.swift */,
			);
			path = UIButtons;
			sourceTree = "<group>";
		};
		137ADD0023FC07E300237368 /* UIView */ = {
			isa = PBXGroup;
			children = (
				137ADD4F23FC328100237368 /* icons */,
				137ADD0B23FC090A00237368 /* TextFields */,
				137ADD6023FC3E4600237368 /* UIView+Border.swift */,
				130B982D23FD6EC100DE6C60 /* UINavigationBar + bottomLine.swift */,
				13BAE83424054033008A44E0 /* UIImage + UIView.swift */,
			);
			path = UIView;
			sourceTree = "<group>";
		};
		137ADD0B23FC090A00237368 /* TextFields */ = {
			isa = PBXGroup;
			children = (
				130B97F723FD282700DE6C60 /* TextFieldModel.swift */,
				130B97F923FD290700DE6C60 /* TextFieldView.swift */,
				130B984823FFC91600DE6C60 /* PasswordFieldViewModel.swift */,
				130B984A23FFC92C00DE6C60 /* EmailFieldViewModel.swift */,
			);
			path = TextFields;
			sourceTree = "<group>";
		};
		137ADD1223FC097300237368 /* Services */ = {
			isa = PBXGroup;
			children = (
				13D5BB1324093CDB00A65256 /* FileManager */,
				137ADD1323FC098200237368 /* Network */,
			);
			path = Services;
			sourceTree = "<group>";
		};
		137ADD1323FC098200237368 /* Network */ = {
			isa = PBXGroup;
			children = (
				137ADD1423FC099000237368 /* NetworkService.swift */,
				137ADD1623FC09A300237368 /* NetworkDataFetcher.swift */,
				137ADD1823FC09B600237368 /* DataFetcherService.swift */,
			);
			path = Network;
			sourceTree = "<group>";
		};
		137ADD1A23FC09E600237368 /* Library */ = {
			isa = PBXGroup;
			children = (
				130ADC042406B1AF00E6EAE3 /* PresentationController */,
				130ADBFF2406B12000E6EAE3 /* Toast */,
				137ADD4A23FC2F8900237368 /* SVG Icons */,
				137ADD1B23FC09F600237368 /* StoryboardInitializable.swift */,
			);
			path = Library;
			sourceTree = "<group>";
		};
		137ADD1F23FC0B0500237368 /* ttnorms */ = {
			isa = PBXGroup;
			children = (
				137ADD2023FC0B0500237368 /* TTNorms-Thin.ttf */,
				137ADD2123FC0B0500237368 /* TTNorms-BoldItalic.ttf */,
				137ADD2223FC0B0500237368 /* TTNorms-Bold.ttf */,
				137ADD2323FC0B0500237368 /* TTNorms-Regular.ttf */,
				137ADD2423FC0B0500237368 /* TTNorms-MediumItalic.ttf */,
				137ADD2523FC0B0500237368 /* TTNorms-ExtraLight.ttf */,
				137ADD2623FC0B0500237368 /* TTNorms-ThinItalic.ttf */,
				137ADD2723FC0B0500237368 /* TTNorms-Medium.ttf */,
				137ADD2823FC0B0500237368 /* TTNorms-LightItalic.ttf */,
				137ADD2923FC0B0500237368 /* TTNorms-HeavyItalic.ttf */,
				137ADD2A23FC0B0500237368 /* TTNorms-ExtraBoldItalic.ttf */,
				137ADD2B23FC0B0500237368 /* TTNorms-ExtraBold.ttf */,
				137ADD2C23FC0B0500237368 /* TTNorms-ExtraLightItalic.ttf */,
				137ADD2D23FC0B0500237368 /* TTNorms-Light.ttf */,
				137ADD2E23FC0B0500237368 /* TTNorms-Heavy.ttf */,
				137ADD2F23FC0B0500237368 /* TTNorms-Italic.ttf */,
			);
			path = ttnorms;
			sourceTree = "<group>";
		};
		137ADD4023FC142100237368 /* Splash */ = {
			isa = PBXGroup;
			children = (
				137ADD4123FC147800237368 /* SplashViewController.swift */,
			);
			path = Splash;
			sourceTree = "<group>";
		};
		137ADD4523FC259A00237368 /* Welcome */ = {
			isa = PBXGroup;
			children = (
				137ADD4623FC25B600237368 /* WelcomeViewController.swift */,
			);
			path = Welcome;
			sourceTree = "<group>";
		};
		137ADD4A23FC2F8900237368 /* SVG Icons */ = {
			isa = PBXGroup;
			children = (
				137ADD4B23FC303800237368 /* ARQLogo.swift */,
			);
			path = "SVG Icons";
			sourceTree = "<group>";
		};
		137ADD4F23FC328100237368 /* icons */ = {
			isa = PBXGroup;
			children = (
				137ADD5023FC328E00237368 /* ARQIconView.swift */,
			);
			path = icons;
			sourceTree = "<group>";
		};
		137ADD5223FC364E00237368 /* Auth */ = {
			isa = PBXGroup;
			children = (
				137ADD5523FC366B00237368 /* Model */,
				137ADD5423FC366800237368 /* View */,
				137ADD5323FC366400237368 /* ViewModel */,
			);
			path = Auth;
			sourceTree = "<group>";
		};
		137ADD5323FC366400237368 /* ViewModel */ = {
			isa = PBXGroup;
			children = (
				137ADD5823FC36D300237368 /* AuthViewModel.swift */,
			);
			path = ViewModel;
			sourceTree = "<group>";
		};
		137ADD5423FC366800237368 /* View */ = {
			isa = PBXGroup;
			children = (
				137ADD5623FC36C600237368 /* AuthViewController.swift */,
			);
			path = View;
			sourceTree = "<group>";
		};
		137ADD5523FC366B00237368 /* Model */ = {
			isa = PBXGroup;
			children = (
				137ADD5B23FC371000237368 /* AuthData.swift */,
			);
			path = Model;
			sourceTree = "<group>";
		};
		13BAE7EE2403FD86008A44E0 /* SelectFrom */ = {
			isa = PBXGroup;
			children = (
				13BAE7F22403FDA2008A44E0 /* Model */,
				13BAE7F12403FDA0008A44E0 /* VIew */,
				13BAE7EF2403FD97008A44E0 /* ViewModel */,
				130ADBF72406837C00E6EAE3 /* FileManager + contentsOfDirectoryURLs.swift */,
			);
			path = SelectFrom;
			sourceTree = "<group>";
		};
		13BAE7EF2403FD97008A44E0 /* ViewModel */ = {
			isa = PBXGroup;
			children = (
				13BAE7F52403FDEC008A44E0 /* SelectCloudVM.swift */,
				13BAE7FD240403B2008A44E0 /* SelectCloudTableViewVM.swift */,
				13BAE7FF24040401008A44E0 /* SelectCloudTableViewCellVM.swift */,
			);
			path = ViewModel;
			sourceTree = "<group>";
		};
		13BAE7F12403FDA0008A44E0 /* VIew */ = {
			isa = PBXGroup;
			children = (
				13BAE7F32403FDDE008A44E0 /* SelectCloudViewController.swift */,
				13BAE7F72404026C008A44E0 /* SelectCloudTableView.swift */,
				13BAE7FB24040327008A44E0 /* SelectCloudTableViewCell.swift */,
				13BAE801240404F9008A44E0 /* SelectCloudHeaderView.swift */,
				13BAE805240408ED008A44E0 /* SelectFilesDescriptionView.swift */,
			);
			path = VIew;
			sourceTree = "<group>";
		};
		13BAE7F22403FDA2008A44E0 /* Model */ = {
			isa = PBXGroup;
			children = (
				13BAE80724040E05008A44E0 /* SelectCloudModel.swift */,
			);
			path = Model;
			sourceTree = "<group>";
		};
		13BAE809240413B4008A44E0 /* FormatList */ = {
			isa = PBXGroup;
			children = (
				13BAE813240414B8008A44E0 /* Model */,
				13BAE812240414B6008A44E0 /* View */,
				13BAE811240414B3008A44E0 /* ModelView */,
			);
			path = FormatList;
			sourceTree = "<group>";
		};
		13BAE811240414B3008A44E0 /* ModelView */ = {
			isa = PBXGroup;
			children = (
				13BAE81624041569008A44E0 /* FormatListVM.swift */,
				13BAE81E240415AA008A44E0 /* FormatListTableViewVM.swift */,
				13BAE820240415B3008A44E0 /* FormatListTableViewCellVM.swift */,
			);
			path = ModelView;
			sourceTree = "<group>";
		};
		13BAE812240414B6008A44E0 /* View */ = {
			isa = PBXGroup;
			children = (
				13BAE81424041552008A44E0 /* FormatListViewController.swift */,
				13BAE81824041583008A44E0 /* FormatListTableView.swift */,
				13BAE81A2404158F008A44E0 /* FormatListTableViewCell.swift */,
				13BAE81C2404159B008A44E0 /* FormatListTableHeaderView.swift */,
			);
			path = View;
			sourceTree = "<group>";
		};
		13BAE813240414B8008A44E0 /* Model */ = {
			isa = PBXGroup;
			children = (
				13BAE822240417C7008A44E0 /* FormatListModel.swift */,
			);
			path = Model;
			sourceTree = "<group>";
		};
		13BAE82424052B18008A44E0 /* Cloud */ = {
			isa = PBXGroup;
			children = (
				13BAE82724052BBB008A44E0 /* Model */,
				13BAE82624052BB8008A44E0 /* View */,
				13BAE82524052BB5008A44E0 /* ViewModel */,
				133A5974240564D600BAC954 /* UITableView + escaping.swift */,
			);
			path = Cloud;
			sourceTree = "<group>";
		};
		13BAE82524052BB5008A44E0 /* ViewModel */ = {
			isa = PBXGroup;
			children = (
				13BAE82A24052D78008A44E0 /* CloudViewModel.swift */,
				133A595A24054CF800BAC954 /* CloudTableViewVM.swift */,
				133A595C24054D0C00BAC954 /* CloudTableViewCellVM.swift */,
				133A5970240559E000BAC954 /* FilesTableViewVM.swift */,
				133A5972240559ED00BAC954 /* FilesTableViewCellVM.swift */,
				130ADC192407C68400E6EAE3 /* CloudPopUpViewControllerVM.swift */,
				130ADC172407C3F400E6EAE3 /* CPopUpTableViewVM.swift */,
				130ADC152407C3E800E6EAE3 /* CPopUpTableViewCellVM.swift */,
			);
			path = ViewModel;
			sourceTree = "<group>";
		};
		13BAE82624052BB8008A44E0 /* View */ = {
			isa = PBXGroup;
			children = (
				13BAE82824052D1C008A44E0 /* CloudViewController.swift */,
				133A595224054C3700BAC954 /* CloudTableView.swift */,
				133A595424054C4600BAC954 /* CloudTableHeaderView.swift */,
				133A595624054C6200BAC954 /* CloudTableViewSectionHeader.swift */,
				133A595824054C7100BAC954 /* CloudTableViewCell.swift */,
				133A596C240559C700BAC954 /* FilesTableView.swift */,
				133A596E240559D200BAC954 /* FilesTableViewCell.swift */,
				130ADC0D2407C33C00E6EAE3 /* CloudPopUpViewController.swift */,
				130ADC0F2407C3BE00E6EAE3 /* CPopUpTableView.swift */,
				130ADC112407C3D000E6EAE3 /* CPopUpTableViewCell.swift */,
				130ADC1B2407CB5800E6EAE3 /* CPopUpTableHeaderView.swift */,
			);
			path = View;
			sourceTree = "<group>";
		};
		13BAE82724052BBB008A44E0 /* Model */ = {
			isa = PBXGroup;
			children = (
				13BAE82C24052D91008A44E0 /* CloudModel.swift */,
			);
			path = Model;
			sourceTree = "<group>";
		};
		13D5BB1324093CDB00A65256 /* FileManager */ = {
			isa = PBXGroup;
			children = (
				13D5BB1A240944D200A65256 /* ProjectFileModel.swift */,
				13D5BB2424094D2C00A65256 /* LocalFileFetcher.swift */,
				13D5BB28240950C000A65256 /* StorageManager.swift */,
				13D5BB3D2409698400A65256 /* TrueFormats.swift */,
			);
			path = FileManager;
			sourceTree = "<group>";
		};
		3A8DB4FDA48B643755DAA3AD /* Frameworks */ = {
			isa = PBXGroup;
			children = (
				13D5BB3624095D2900A65256 /* Realm.framework */,
				13D5BB3724095D2900A65256 /* RealmSwift.framework */,
				13D5BB2C24095C2500A65256 /* Realm.framework */,
				13D5BB2D24095C2500A65256 /* RealmSwift.framework */,
				1CB4FC396E21FD3D16F776BB /* Pods_viewer_final.framework */,
			);
			name = Frameworks;
			sourceTree = "<group>";
		};
		9427870B44C08D05C41CB294 /* Pods */ = {
			isa = PBXGroup;
			children = (
				D942D03D497D7DD5A3203887 /* Pods-viewer-final.debug.xcconfig */,
				15B78AE3BE72EE7682A8D499 /* Pods-viewer-final.release.xcconfig */,
			);
			path = Pods;
			sourceTree = "<group>";
		};
/* End PBXGroup section */

/* Begin PBXNativeTarget section */
		137ADCDC23FC04F700237368 /* viewer-final */ = {
			isa = PBXNativeTarget;
			buildConfigurationList = 137ADCF123FC04F900237368 /* Build configuration list for PBXNativeTarget "viewer-final" */;
			buildPhases = (
				2EC45777096C2FF4FE523FF5 /* [CP] Check Pods Manifest.lock */,
				137ADCD923FC04F700237368 /* Sources */,
				137ADCDA23FC04F700237368 /* Frameworks */,
				137ADCDB23FC04F700237368 /* Resources */,
				9302466C85A4947E5D33BAAB /* [CP] Embed Pods Frameworks */,
			);
			buildRules = (
			);
			dependencies = (
			);
			name = "viewer-final";
			productName = "swift-starter-kit";
			productReference = 137ADCDD23FC04F700237368 /* viewer-final.app */;
			productType = "com.apple.product-type.application";
		};
/* End PBXNativeTarget section */

/* Begin PBXProject section */
		137ADCD523FC04F700237368 /* Project object */ = {
			isa = PBXProject;
			attributes = {
				LastSwiftUpdateCheck = 1130;
				LastUpgradeCheck = 1130;
				ORGANIZATIONNAME = "Максим Спиридонов";
				TargetAttributes = {
					137ADCDC23FC04F700237368 = {
						CreatedOnToolsVersion = 11.3.1;
					};
				};
			};
			buildConfigurationList = 137ADCD823FC04F700237368 /* Build configuration list for PBXProject "viewer-final" */;
			compatibilityVersion = "Xcode 9.3";
			developmentRegion = en;
			hasScannedForEncodings = 0;
			knownRegions = (
				en,
				Base,
			);
			mainGroup = 137ADCD423FC04F700237368;
			productRefGroup = 137ADCDE23FC04F700237368 /* Products */;
			projectDirPath = "";
			projectRoot = "";
			targets = (
				137ADCDC23FC04F700237368 /* viewer-final */,
			);
		};
/* End PBXProject section */

/* Begin PBXResourcesBuildPhase section */
		137ADCDB23FC04F700237368 /* Resources */ = {
			isa = PBXResourcesBuildPhase;
			buildActionMask = 2147483647;
			files = (
				137ADD3023FC0B0500237368 /* TTNorms-Thin.ttf in Resources */,
				137ADD3C23FC0B0500237368 /* TTNorms-ExtraLightItalic.ttf in Resources */,
				137ADD3223FC0B0500237368 /* TTNorms-Bold.ttf in Resources */,
				137ADD3E23FC0B0500237368 /* TTNorms-Heavy.ttf in Resources */,
				137ADD3523FC0B0500237368 /* TTNorms-ExtraLight.ttf in Resources */,
				137ADD3823FC0B0500237368 /* TTNorms-LightItalic.ttf in Resources */,
				137ADD3B23FC0B0500237368 /* TTNorms-ExtraBold.ttf in Resources */,
				137ADD3723FC0B0500237368 /* TTNorms-Medium.ttf in Resources */,
				137ADD3123FC0B0500237368 /* TTNorms-BoldItalic.ttf in Resources */,
				137ADD3623FC0B0500237368 /* TTNorms-ThinItalic.ttf in Resources */,
				137ADD3D23FC0B0500237368 /* TTNorms-Light.ttf in Resources */,
				137ADCED23FC04F900237368 /* LaunchScreen.storyboard in Resources */,
				137ADD3F23FC0B0500237368 /* TTNorms-Italic.ttf in Resources */,
				130ADBFA240692AD00E6EAE3 /* viewer-file.png in Resources */,
				137ADCEA23FC04F900237368 /* Assets.xcassets in Resources */,
				137ADD3423FC0B0500237368 /* TTNorms-MediumItalic.ttf in Resources */,
				130ADBFC240694DE00E6EAE3 /* FormatSettings.plist in Resources */,
				137ADD3923FC0B0500237368 /* TTNorms-HeavyItalic.ttf in Resources */,
				137ADD3A23FC0B0500237368 /* TTNorms-ExtraBoldItalic.ttf in Resources */,
				137ADD3323FC0B0500237368 /* TTNorms-Regular.ttf in Resources */,
			);
			runOnlyForDeploymentPostprocessing = 0;
		};
/* End PBXResourcesBuildPhase section */

/* Begin PBXShellScriptBuildPhase section */
		2EC45777096C2FF4FE523FF5 /* [CP] Check Pods Manifest.lock */ = {
			isa = PBXShellScriptBuildPhase;
			buildActionMask = 2147483647;
			files = (
			);
			inputFileListPaths = (
			);
			inputPaths = (
				"${PODS_PODFILE_DIR_PATH}/Podfile.lock",
				"${PODS_ROOT}/Manifest.lock",
			);
			name = "[CP] Check Pods Manifest.lock";
			outputFileListPaths = (
			);
			outputPaths = (
				"$(DERIVED_FILE_DIR)/Pods-viewer-final-checkManifestLockResult.txt",
			);
			runOnlyForDeploymentPostprocessing = 0;
			shellPath = /bin/sh;
			shellScript = "diff \"${PODS_PODFILE_DIR_PATH}/Podfile.lock\" \"${PODS_ROOT}/Manifest.lock\" > /dev/null\nif [ $? != 0 ] ; then\n    # print error to STDERR\n    echo \"error: The sandbox is not in sync with the Podfile.lock. Run 'pod install' or update your CocoaPods installation.\" >&2\n    exit 1\nfi\n# This output is used by Xcode 'outputs' to avoid re-running this script phase.\necho \"SUCCESS\" > \"${SCRIPT_OUTPUT_FILE_0}\"\n";
			showEnvVarsInLog = 0;
		};
		9302466C85A4947E5D33BAAB /* [CP] Embed Pods Frameworks */ = {
			isa = PBXShellScriptBuildPhase;
			buildActionMask = 2147483647;
			files = (
			);
			inputFileListPaths = (
				"${PODS_ROOT}/Target Support Files/Pods-viewer-final/Pods-viewer-final-frameworks-${CONFIGURATION}-input-files.xcfilelist",
			);
			name = "[CP] Embed Pods Frameworks";
			outputFileListPaths = (
				"${PODS_ROOT}/Target Support Files/Pods-viewer-final/Pods-viewer-final-frameworks-${CONFIGURATION}-output-files.xcfilelist",
			);
			runOnlyForDeploymentPostprocessing = 0;
			shellPath = /bin/sh;
			shellScript = "\"${PODS_ROOT}/Target Support Files/Pods-viewer-final/Pods-viewer-final-frameworks.sh\"\n";
			showEnvVarsInLog = 0;
		};
/* End PBXShellScriptBuildPhase section */

/* Begin PBXSourcesBuildPhase section */
		137ADCD923FC04F700237368 /* Sources */ = {
			isa = PBXSourcesBuildPhase;
			buildActionMask = 2147483647;
			files = (
				130B982823FD690B00DE6C60 /* ProjectsCollectionViewVM.swift in Sources */,
				13BAE81524041552008A44E0 /* FormatListViewController.swift in Sources */,
				130B982A23FD695300DE6C60 /* ProjectsCollectionViewCellVM.swift in Sources */,
				13D5BB29240950C000A65256 /* StorageManager.swift in Sources */,
				137ADD1723FC09A300237368 /* NetworkDataFetcher.swift in Sources */,
				137ADD0D23FC092400237368 /* UIButton + Custom.swift in Sources */,
				13D5BB0E2409209E00A65256 /* CustomAlertAction.swift in Sources */,
				13BAE81724041569008A44E0 /* FormatListVM.swift in Sources */,
				137ADD1C23FC09F600237368 /* StoryboardInitializable.swift in Sources */,
				137ADD5C23FC371000237368 /* AuthData.swift in Sources */,
				133A595724054C6200BAC954 /* CloudTableViewSectionHeader.swift in Sources */,
				130ADC062406B1C600E6EAE3 /* PresentationController.swift in Sources */,
				133A596F240559D200BAC954 /* FilesTableViewCell.swift in Sources */,
				130ADBF82406837C00E6EAE3 /* FileManager + contentsOfDirectoryURLs.swift in Sources */,
				13BAE7FE240403B2008A44E0 /* SelectCloudTableViewVM.swift in Sources */,
				137ADD6123FC3E4600237368 /* UIView+Border.swift in Sources */,
				133A5971240559E000BAC954 /* FilesTableViewVM.swift in Sources */,
				130ADC162407C3E800E6EAE3 /* CPopUpTableViewCellVM.swift in Sources */,
				13BAE82924052D1C008A44E0 /* CloudViewController.swift in Sources */,
				137ADD0A23FC085700237368 /* UIButton + Theme.swift in Sources */,
				130ADC1C2407CB5800E6EAE3 /* CPopUpTableHeaderView.swift in Sources */,
				130B982E23FD6EC100DE6C60 /* UINavigationBar + bottomLine.swift in Sources */,
				133A595B24054CF800BAC954 /* CloudTableViewVM.swift in Sources */,
				13D5BB122409396C00A65256 /* ProjectsNavigation.swift in Sources */,
				13BAE82D24052D91008A44E0 /* CloudModel.swift in Sources */,
				130B982023FD647500DE6C60 /* ProjectsViewController.swift in Sources */,
				13BAE81F240415AA008A44E0 /* FormatListTableViewVM.swift in Sources */,
				130B984B23FFC92C00DE6C60 /* EmailFieldViewModel.swift in Sources */,
				13BAE82B24052D78008A44E0 /* CloudViewModel.swift in Sources */,
				13BAE823240417C7008A44E0 /* FormatListModel.swift in Sources */,
				133A596D240559C700BAC954 /* FilesTableView.swift in Sources */,
				137ADD4723FC25B600237368 /* WelcomeViewController.swift in Sources */,
				133A5975240564D600BAC954 /* UITableView + escaping.swift in Sources */,
				13BAE7F62403FDEC008A44E0 /* SelectCloudVM.swift in Sources */,
				13BAE80824040E05008A44E0 /* SelectCloudModel.swift in Sources */,
				133A595924054C7100BAC954 /* CloudTableViewCell.swift in Sources */,
				130B97F823FD282700DE6C60 /* TextFieldModel.swift in Sources */,
				133A595D24054D0C00BAC954 /* CloudTableViewCellVM.swift in Sources */,
				13BAE806240408ED008A44E0 /* SelectFilesDescriptionView.swift in Sources */,
				130B982C23FD695F00DE6C60 /* ProjectsCollectionViewCell.swift in Sources */,
				13BAE7F42403FDDE008A44E0 /* SelectCloudViewController.swift in Sources */,
				130B983023FD6F8C00DE6C60 /* ProjectsContextViewMenu.swift in Sources */,
				130B982223FD64C000DE6C60 /* ProjectsViewModel.swift in Sources */,
				137ADD4C23FC303800237368 /* ARQLogo.swift in Sources */,
				13BAE821240415B3008A44E0 /* FormatListTableViewCellVM.swift in Sources */,
				130B982623FD688000DE6C60 /* AppleMusicModel.swift in Sources */,
				130B97FA23FD290700DE6C60 /* TextFieldView.swift in Sources */,
				137ADD1923FC09B600237368 /* DataFetcherService.swift in Sources */,
				133A595324054C3700BAC954 /* CloudTableView.swift in Sources */,
				13BAE81D2404159B008A44E0 /* FormatListTableHeaderView.swift in Sources */,
				13BAE81B2404158F008A44E0 /* FormatListTableViewCell.swift in Sources */,
				137ADCF823FC076200237368 /* Constraints.swift in Sources */,
				13BAE80024040401008A44E0 /* SelectCloudTableViewCellVM.swift in Sources */,
				137ADCE123FC04F700237368 /* AppDelegate.swift in Sources */,
				13BAE83524054033008A44E0 /* UIImage + UIView.swift in Sources */,
				13D5BB1B240944D200A65256 /* ProjectFileModel.swift in Sources */,
				13D5BB3E2409698400A65256 /* TrueFormats.swift in Sources */,
				130ADC102407C3BE00E6EAE3 /* CPopUpTableView.swift in Sources */,
				13D5BB1024092B9600A65256 /* UIAlertAction + setup.swift in Sources */,
				133A5973240559ED00BAC954 /* FilesTableViewCellVM.swift in Sources */,
				137ADCFA23FC077700237368 /* WebImageView.swift in Sources */,
				137ADD5723FC36C600237368 /* AuthViewController.swift in Sources */,
				137ADD0823FC082A00237368 /* UIColor + hexValue.swift in Sources */,
				130ADC1A2407C68400E6EAE3 /* CloudPopUpViewControllerVM.swift in Sources */,
				13BAE7F82404026C008A44E0 /* SelectCloudTableView.swift in Sources */,
				130ADC012406B12C00E6EAE3 /* ToastViewController.swift in Sources */,
				13D5BB2524094D2C00A65256 /* LocalFileFetcher.swift in Sources */,
				130B982423FD67A000DE6C60 /* ProjectsCollectionView.swift in Sources */,
				137ADD0623FC081700237368 /* UILabel + Theme.swift in Sources */,
				133A595524054C4600BAC954 /* CloudTableHeaderView.swift in Sources */,
				130ADC032406B13E00E6EAE3 /* ToastPresentationController.swift in Sources */,
				137ADD1523FC099000237368 /* NetworkService.swift in Sources */,
				130B984923FFC91600DE6C60 /* PasswordFieldViewModel.swift in Sources */,
				137ADD5123FC328E00237368 /* ARQIconView.swift in Sources */,
				137ADD5923FC36D300237368 /* AuthViewModel.swift in Sources */,
				13BAE81924041583008A44E0 /* FormatListTableView.swift in Sources */,
				137ADD0223FC07F500237368 /* UIColor + ThemeColors.swift in Sources */,
				130ADC122407C3D000E6EAE3 /* CPopUpTableViewCell.swift in Sources */,
				130ADC182407C3F400E6EAE3 /* CPopUpTableViewVM.swift in Sources */,
				130ADC0E2407C33C00E6EAE3 /* CloudPopUpViewController.swift in Sources */,
				13BAE7FC24040327008A44E0 /* SelectCloudTableViewCell.swift in Sources */,
				13D5BB0C2408FE1000A65256 /* ProjectsViewAction.swift in Sources */,
				13BAE802240404F9008A44E0 /* SelectCloudHeaderView.swift in Sources */,
				137ADD4923FC296300237368 /* UILabel + lineSpacing.swift in Sources */,
				137ADD4223FC147800237368 /* SplashViewController.swift in Sources */,
			);
			runOnlyForDeploymentPostprocessing = 0;
		};
/* End PBXSourcesBuildPhase section */

/* Begin PBXVariantGroup section */
		137ADCEB23FC04F900237368 /* LaunchScreen.storyboard */ = {
			isa = PBXVariantGroup;
			children = (
				137ADCEC23FC04F900237368 /* Base */,
			);
			name = LaunchScreen.storyboard;
			sourceTree = "<group>";
		};
/* End PBXVariantGroup section */

/* Begin XCBuildConfiguration section */
		137ADCEF23FC04F900237368 /* Debug */ = {
			isa = XCBuildConfiguration;
			buildSettings = {
				ALWAYS_SEARCH_USER_PATHS = NO;
				CLANG_ANALYZER_NONNULL = YES;
				CLANG_ANALYZER_NUMBER_OBJECT_CONVERSION = YES_AGGRESSIVE;
				CLANG_CXX_LANGUAGE_STANDARD = "gnu++14";
				CLANG_CXX_LIBRARY = "libc++";
				CLANG_ENABLE_MODULES = YES;
				CLANG_ENABLE_OBJC_ARC = YES;
				CLANG_ENABLE_OBJC_WEAK = YES;
				CLANG_WARN_BLOCK_CAPTURE_AUTORELEASING = YES;
				CLANG_WARN_BOOL_CONVERSION = YES;
				CLANG_WARN_COMMA = YES;
				CLANG_WARN_CONSTANT_CONVERSION = YES;
				CLANG_WARN_DEPRECATED_OBJC_IMPLEMENTATIONS = YES;
				CLANG_WARN_DIRECT_OBJC_ISA_USAGE = YES_ERROR;
				CLANG_WARN_DOCUMENTATION_COMMENTS = YES;
				CLANG_WARN_EMPTY_BODY = YES;
				CLANG_WARN_ENUM_CONVERSION = YES;
				CLANG_WARN_INFINITE_RECURSION = YES;
				CLANG_WARN_INT_CONVERSION = YES;
				CLANG_WARN_NON_LITERAL_NULL_CONVERSION = YES;
				CLANG_WARN_OBJC_IMPLICIT_RETAIN_SELF = YES;
				CLANG_WARN_OBJC_LITERAL_CONVERSION = YES;
				CLANG_WARN_OBJC_ROOT_CLASS = YES_ERROR;
				CLANG_WARN_RANGE_LOOP_ANALYSIS = YES;
				CLANG_WARN_STRICT_PROTOTYPES = YES;
				CLANG_WARN_SUSPICIOUS_MOVE = YES;
				CLANG_WARN_UNGUARDED_AVAILABILITY = YES_AGGRESSIVE;
				CLANG_WARN_UNREACHABLE_CODE = YES;
				CLANG_WARN__DUPLICATE_METHOD_MATCH = YES;
				COPY_PHASE_STRIP = NO;
				DEBUG_INFORMATION_FORMAT = dwarf;
				ENABLE_STRICT_OBJC_MSGSEND = YES;
				ENABLE_TESTABILITY = YES;
				GCC_C_LANGUAGE_STANDARD = gnu11;
				GCC_DYNAMIC_NO_PIC = NO;
				GCC_NO_COMMON_BLOCKS = YES;
				GCC_OPTIMIZATION_LEVEL = 0;
				GCC_PREPROCESSOR_DEFINITIONS = (
					"DEBUG=1",
					"$(inherited)",
				);
				GCC_WARN_64_TO_32_BIT_CONVERSION = YES;
				GCC_WARN_ABOUT_RETURN_TYPE = YES_ERROR;
				GCC_WARN_UNDECLARED_SELECTOR = YES;
				GCC_WARN_UNINITIALIZED_AUTOS = YES_AGGRESSIVE;
				GCC_WARN_UNUSED_FUNCTION = YES;
				GCC_WARN_UNUSED_VARIABLE = YES;
				IPHONEOS_DEPLOYMENT_TARGET = 13.2;
				MTL_ENABLE_DEBUG_INFO = INCLUDE_SOURCE;
				MTL_FAST_MATH = YES;
				ONLY_ACTIVE_ARCH = YES;
				SDKROOT = iphoneos;
				SWIFT_ACTIVE_COMPILATION_CONDITIONS = DEBUG;
				SWIFT_OPTIMIZATION_LEVEL = "-Onone";
			};
			name = Debug;
		};
		137ADCF023FC04F900237368 /* Release */ = {
			isa = XCBuildConfiguration;
			buildSettings = {
				ALWAYS_SEARCH_USER_PATHS = NO;
				CLANG_ANALYZER_NONNULL = YES;
				CLANG_ANALYZER_NUMBER_OBJECT_CONVERSION = YES_AGGRESSIVE;
				CLANG_CXX_LANGUAGE_STANDARD = "gnu++14";
				CLANG_CXX_LIBRARY = "libc++";
				CLANG_ENABLE_MODULES = YES;
				CLANG_ENABLE_OBJC_ARC = YES;
				CLANG_ENABLE_OBJC_WEAK = YES;
				CLANG_WARN_BLOCK_CAPTURE_AUTORELEASING = YES;
				CLANG_WARN_BOOL_CONVERSION = YES;
				CLANG_WARN_COMMA = YES;
				CLANG_WARN_CONSTANT_CONVERSION = YES;
				CLANG_WARN_DEPRECATED_OBJC_IMPLEMENTATIONS = YES;
				CLANG_WARN_DIRECT_OBJC_ISA_USAGE = YES_ERROR;
				CLANG_WARN_DOCUMENTATION_COMMENTS = YES;
				CLANG_WARN_EMPTY_BODY = YES;
				CLANG_WARN_ENUM_CONVERSION = YES;
				CLANG_WARN_INFINITE_RECURSION = YES;
				CLANG_WARN_INT_CONVERSION = YES;
				CLANG_WARN_NON_LITERAL_NULL_CONVERSION = YES;
				CLANG_WARN_OBJC_IMPLICIT_RETAIN_SELF = YES;
				CLANG_WARN_OBJC_LITERAL_CONVERSION = YES;
				CLANG_WARN_OBJC_ROOT_CLASS = YES_ERROR;
				CLANG_WARN_RANGE_LOOP_ANALYSIS = YES;
				CLANG_WARN_STRICT_PROTOTYPES = YES;
				CLANG_WARN_SUSPICIOUS_MOVE = YES;
				CLANG_WARN_UNGUARDED_AVAILABILITY = YES_AGGRESSIVE;
				CLANG_WARN_UNREACHABLE_CODE = YES;
				CLANG_WARN__DUPLICATE_METHOD_MATCH = YES;
				COPY_PHASE_STRIP = NO;
				DEBUG_INFORMATION_FORMAT = "dwarf-with-dsym";
				ENABLE_NS_ASSERTIONS = NO;
				ENABLE_STRICT_OBJC_MSGSEND = YES;
				GCC_C_LANGUAGE_STANDARD = gnu11;
				GCC_NO_COMMON_BLOCKS = YES;
				GCC_WARN_64_TO_32_BIT_CONVERSION = YES;
				GCC_WARN_ABOUT_RETURN_TYPE = YES_ERROR;
				GCC_WARN_UNDECLARED_SELECTOR = YES;
				GCC_WARN_UNINITIALIZED_AUTOS = YES_AGGRESSIVE;
				GCC_WARN_UNUSED_FUNCTION = YES;
				GCC_WARN_UNUSED_VARIABLE = YES;
				IPHONEOS_DEPLOYMENT_TARGET = 13.2;
				MTL_ENABLE_DEBUG_INFO = NO;
				MTL_FAST_MATH = YES;
				SDKROOT = iphoneos;
				SWIFT_COMPILATION_MODE = wholemodule;
				SWIFT_OPTIMIZATION_LEVEL = "-O";
				VALIDATE_PRODUCT = YES;
			};
			name = Release;
		};
		137ADCF223FC04F900237368 /* Debug */ = {
			isa = XCBuildConfiguration;
			baseConfigurationReference = D942D03D497D7DD5A3203887 /* Pods-viewer-final.debug.xcconfig */;
			buildSettings = {
				ASSETCATALOG_COMPILER_APPICON_NAME = AppIcon;
				CODE_SIGN_STYLE = Automatic;
				DEVELOPMENT_TEAM = 4226M9N553;
				INFOPLIST_FILE = "viewer-final/Supporting Files/Info.plist";
				LD_RUNPATH_SEARCH_PATHS = (
					"$(inherited)",
					"@executable_path/Frameworks",
				);
				PRODUCT_BUNDLE_IDENTIFIER = "com.taijased.viewer-final";
				PRODUCT_NAME = "$(TARGET_NAME)";
				SWIFT_VERSION = 5.0;
				TARGETED_DEVICE_FAMILY = "1,2";
			};
			name = Debug;
		};
		137ADCF323FC04F900237368 /* Release */ = {
			isa = XCBuildConfiguration;
			baseConfigurationReference = 15B78AE3BE72EE7682A8D499 /* Pods-viewer-final.release.xcconfig */;
			buildSettings = {
				ASSETCATALOG_COMPILER_APPICON_NAME = AppIcon;
				CODE_SIGN_STYLE = Automatic;
				DEVELOPMENT_TEAM = 4226M9N553;
				INFOPLIST_FILE = "viewer-final/Supporting Files/Info.plist";
				LD_RUNPATH_SEARCH_PATHS = (
					"$(inherited)",
					"@executable_path/Frameworks",
				);
				PRODUCT_BUNDLE_IDENTIFIER = "com.taijased.viewer-final";
				PRODUCT_NAME = "$(TARGET_NAME)";
				SWIFT_VERSION = 5.0;
				TARGETED_DEVICE_FAMILY = "1,2";
			};
			name = Release;
		};
/* End XCBuildConfiguration section */

/* Begin XCConfigurationList section */
		137ADCD823FC04F700237368 /* Build configuration list for PBXProject "viewer-final" */ = {
			isa = XCConfigurationList;
			buildConfigurations = (
				137ADCEF23FC04F900237368 /* Debug */,
				137ADCF023FC04F900237368 /* Release */,
			);
			defaultConfigurationIsVisible = 0;
			defaultConfigurationName = Release;
		};
		137ADCF123FC04F900237368 /* Build configuration list for PBXNativeTarget "viewer-final" */ = {
			isa = XCConfigurationList;
			buildConfigurations = (
				137ADCF223FC04F900237368 /* Debug */,
				137ADCF323FC04F900237368 /* Release */,
			);
			defaultConfigurationIsVisible = 0;
			defaultConfigurationName = Release;
		};
/* End XCConfigurationList section */
	};
	rootObject = 137ADCD523FC04F700237368 /* Project object */;
}
