// !$*UTF8*$!
{
	archiveVersion = 1;
	classes = {
	};
	objectVersion = 50;
	objects = {

/* Begin PBXBuildFile section */
		137ADCE123FC04F700237368 /* AppDelegate.swift in Sources */ = {isa = PBXBuildFile; fileRef = 137ADCE023FC04F700237368 /* AppDelegate.swift */; };
		137ADCEA23FC04F900237368 /* Assets.xcassets in Resources */ = {isa = PBXBuildFile; fileRef = 137ADCE923FC04F900237368 /* Assets.xcassets */; };
		137ADCED23FC04F900237368 /* LaunchScreen.storyboard in Resources */ = {isa = PBXBuildFile; fileRef = 137ADCEB23FC04F900237368 /* LaunchScreen.storyboard */; };
		137ADCF823FC076200237368 /* Constraints.swift in Sources */ = {isa = PBXBuildFile; fileRef = 137ADCF723FC076200237368 /* Constraints.swift */; };
		137ADCFA23FC077700237368 /* WebImageView.swift in Sources */ = {isa = PBXBuildFile; fileRef = 137ADCF923FC077700237368 /* WebImageView.swift */; };
		137ADD0223FC07F500237368 /* UIColor + ThemeColors.swift in Sources */ = {isa = PBXBuildFile; fileRef = 137ADD0123FC07F500237368 /* UIColor + ThemeColors.swift */; };
		137ADD0623FC081700237368 /* UILabel + Theme.swift in Sources */ = {isa = PBXBuildFile; fileRef = 137ADD0523FC081700237368 /* UILabel + Theme.swift */; };
		137ADD0823FC082A00237368 /* UIColor + hexValue.swift in Sources */ = {isa = PBXBuildFile; fileRef = 137ADD0723FC082A00237368 /* UIColor + hexValue.swift */; };
		137ADD0A23FC085700237368 /* UIButton + Theme.swift in Sources */ = {isa = PBXBuildFile; fileRef = 137ADD0923FC085700237368 /* UIButton + Theme.swift */; };
		137ADD0D23FC092400237368 /* UIButton + Custom.swift in Sources */ = {isa = PBXBuildFile; fileRef = 137ADD0C23FC092400237368 /* UIButton + Custom.swift */; };
		137ADD0F23FC093E00237368 /* LoginTextFieldView.swift in Sources */ = {isa = PBXBuildFile; fileRef = 137ADD0E23FC093E00237368 /* LoginTextFieldView.swift */; };
		137ADD1123FC095200237368 /* PasswordTextFieldView.swift in Sources */ = {isa = PBXBuildFile; fileRef = 137ADD1023FC095200237368 /* PasswordTextFieldView.swift */; };
		137ADD1523FC099000237368 /* NetworkService.swift in Sources */ = {isa = PBXBuildFile; fileRef = 137ADD1423FC099000237368 /* NetworkService.swift */; };
		137ADD1723FC09A300237368 /* NetworkDataFetcher.swift in Sources */ = {isa = PBXBuildFile; fileRef = 137ADD1623FC09A300237368 /* NetworkDataFetcher.swift */; };
		137ADD1923FC09B600237368 /* DataFetcherService.swift in Sources */ = {isa = PBXBuildFile; fileRef = 137ADD1823FC09B600237368 /* DataFetcherService.swift */; };
		137ADD1C23FC09F600237368 /* StoryboardInitializable.swift in Sources */ = {isa = PBXBuildFile; fileRef = 137ADD1B23FC09F600237368 /* StoryboardInitializable.swift */; };
		137ADD1E23FC0A8200237368 /* ViewController.swift in Sources */ = {isa = PBXBuildFile; fileRef = 137ADD1D23FC0A8200237368 /* ViewController.swift */; };
		137ADD3023FC0B0500237368 /* TTNorms-Thin.ttf in Resources */ = {isa = PBXBuildFile; fileRef = 137ADD2023FC0B0500237368 /* TTNorms-Thin.ttf */; };
		137ADD3123FC0B0500237368 /* TTNorms-BoldItalic.ttf in Resources */ = {isa = PBXBuildFile; fileRef = 137ADD2123FC0B0500237368 /* TTNorms-BoldItalic.ttf */; };
		137ADD3223FC0B0500237368 /* TTNorms-Bold.ttf in Resources */ = {isa = PBXBuildFile; fileRef = 137ADD2223FC0B0500237368 /* TTNorms-Bold.ttf */; };
		137ADD3323FC0B0500237368 /* TTNorms-Regular.ttf in Resources */ = {isa = PBXBuildFile; fileRef = 137ADD2323FC0B0500237368 /* TTNorms-Regular.ttf */; };
		137ADD3423FC0B0500237368 /* TTNorms-MediumItalic.ttf in Resources */ = {isa = PBXBuildFile; fileRef = 137ADD2423FC0B0500237368 /* TTNorms-MediumItalic.ttf */; };
		137ADD3523FC0B0500237368 /* TTNorms-ExtraLight.ttf in Resources */ = {isa = PBXBuildFile; fileRef = 137ADD2523FC0B0500237368 /* TTNorms-ExtraLight.ttf */; };
		137ADD3623FC0B0500237368 /* TTNorms-ThinItalic.ttf in Resources */ = {isa = PBXBuildFile; fileRef = 137ADD2623FC0B0500237368 /* TTNorms-ThinItalic.ttf */; };
		137ADD3723FC0B0500237368 /* TTNorms-Medium.ttf in Resources */ = {isa = PBXBuildFile; fileRef = 137ADD2723FC0B0500237368 /* TTNorms-Medium.ttf */; };
		137ADD3823FC0B0500237368 /* TTNorms-LightItalic.ttf in Resources */ = {isa = PBXBuildFile; fileRef = 137ADD2823FC0B0500237368 /* TTNorms-LightItalic.ttf */; };
		137ADD3923FC0B0500237368 /* TTNorms-HeavyItalic.ttf in Resources */ = {isa = PBXBuildFile; fileRef = 137ADD2923FC0B0500237368 /* TTNorms-HeavyItalic.ttf */; };
		137ADD3A23FC0B0500237368 /* TTNorms-ExtraBoldItalic.ttf in Resources */ = {isa = PBXBuildFile; fileRef = 137ADD2A23FC0B0500237368 /* TTNorms-ExtraBoldItalic.ttf */; };
		137ADD3B23FC0B0500237368 /* TTNorms-ExtraBold.ttf in Resources */ = {isa = PBXBuildFile; fileRef = 137ADD2B23FC0B0500237368 /* TTNorms-ExtraBold.ttf */; };
		137ADD3C23FC0B0500237368 /* TTNorms-ExtraLightItalic.ttf in Resources */ = {isa = PBXBuildFile; fileRef = 137ADD2C23FC0B0500237368 /* TTNorms-ExtraLightItalic.ttf */; };
		137ADD3D23FC0B0500237368 /* TTNorms-Light.ttf in Resources */ = {isa = PBXBuildFile; fileRef = 137ADD2D23FC0B0500237368 /* TTNorms-Light.ttf */; };
		137ADD3E23FC0B0500237368 /* TTNorms-Heavy.ttf in Resources */ = {isa = PBXBuildFile; fileRef = 137ADD2E23FC0B0500237368 /* TTNorms-Heavy.ttf */; };
		137ADD3F23FC0B0500237368 /* TTNorms-Italic.ttf in Resources */ = {isa = PBXBuildFile; fileRef = 137ADD2F23FC0B0500237368 /* TTNorms-Italic.ttf */; };
		137ADD4223FC147800237368 /* SplashViewController.swift in Sources */ = {isa = PBXBuildFile; fileRef = 137ADD4123FC147800237368 /* SplashViewController.swift */; };
/* End PBXBuildFile section */

/* Begin PBXFileReference section */
		137ADCDD23FC04F700237368 /* viewer-final.app */ = {isa = PBXFileReference; explicitFileType = wrapper.application; includeInIndex = 0; path = "viewer-final.app"; sourceTree = BUILT_PRODUCTS_DIR; };
		137ADCE023FC04F700237368 /* AppDelegate.swift */ = {isa = PBXFileReference; lastKnownFileType = sourcecode.swift; path = AppDelegate.swift; sourceTree = "<group>"; };
		137ADCE923FC04F900237368 /* Assets.xcassets */ = {isa = PBXFileReference; lastKnownFileType = folder.assetcatalog; path = Assets.xcassets; sourceTree = "<group>"; };
		137ADCEC23FC04F900237368 /* Base */ = {isa = PBXFileReference; lastKnownFileType = file.storyboard; name = Base; path = Base.lproj/LaunchScreen.storyboard; sourceTree = "<group>"; };
		137ADCEE23FC04F900237368 /* Info.plist */ = {isa = PBXFileReference; lastKnownFileType = text.plist.xml; path = Info.plist; sourceTree = "<group>"; };
		137ADCF723FC076200237368 /* Constraints.swift */ = {isa = PBXFileReference; lastKnownFileType = sourcecode.swift; path = Constraints.swift; sourceTree = "<group>"; };
		137ADCF923FC077700237368 /* WebImageView.swift */ = {isa = PBXFileReference; lastKnownFileType = sourcecode.swift; path = WebImageView.swift; sourceTree = "<group>"; };
		137ADD0123FC07F500237368 /* UIColor + ThemeColors.swift */ = {isa = PBXFileReference; lastKnownFileType = sourcecode.swift; path = "UIColor + ThemeColors.swift"; sourceTree = "<group>"; };
		137ADD0523FC081700237368 /* UILabel + Theme.swift */ = {isa = PBXFileReference; lastKnownFileType = sourcecode.swift; path = "UILabel + Theme.swift"; sourceTree = "<group>"; };
		137ADD0723FC082A00237368 /* UIColor + hexValue.swift */ = {isa = PBXFileReference; lastKnownFileType = sourcecode.swift; path = "UIColor + hexValue.swift"; sourceTree = "<group>"; };
		137ADD0923FC085700237368 /* UIButton + Theme.swift */ = {isa = PBXFileReference; lastKnownFileType = sourcecode.swift; path = "UIButton + Theme.swift"; sourceTree = "<group>"; };
		137ADD0C23FC092400237368 /* UIButton + Custom.swift */ = {isa = PBXFileReference; lastKnownFileType = sourcecode.swift; path = "UIButton + Custom.swift"; sourceTree = "<group>"; };
		137ADD0E23FC093E00237368 /* LoginTextFieldView.swift */ = {isa = PBXFileReference; lastKnownFileType = sourcecode.swift; path = LoginTextFieldView.swift; sourceTree = "<group>"; };
		137ADD1023FC095200237368 /* PasswordTextFieldView.swift */ = {isa = PBXFileReference; lastKnownFileType = sourcecode.swift; path = PasswordTextFieldView.swift; sourceTree = "<group>"; };
		137ADD1423FC099000237368 /* NetworkService.swift */ = {isa = PBXFileReference; lastKnownFileType = sourcecode.swift; path = NetworkService.swift; sourceTree = "<group>"; };
		137ADD1623FC09A300237368 /* NetworkDataFetcher.swift */ = {isa = PBXFileReference; lastKnownFileType = sourcecode.swift; path = NetworkDataFetcher.swift; sourceTree = "<group>"; };
		137ADD1823FC09B600237368 /* DataFetcherService.swift */ = {isa = PBXFileReference; lastKnownFileType = sourcecode.swift; path = DataFetcherService.swift; sourceTree = "<group>"; };
		137ADD1B23FC09F600237368 /* StoryboardInitializable.swift */ = {isa = PBXFileReference; lastKnownFileType = sourcecode.swift; path = StoryboardInitializable.swift; sourceTree = "<group>"; };
		137ADD1D23FC0A8200237368 /* ViewController.swift */ = {isa = PBXFileReference; lastKnownFileType = sourcecode.swift; path = ViewController.swift; sourceTree = "<group>"; };
		137ADD2023FC0B0500237368 /* TTNorms-Thin.ttf */ = {isa = PBXFileReference; lastKnownFileType = file; path = "TTNorms-Thin.ttf"; sourceTree = "<group>"; };
		137ADD2123FC0B0500237368 /* TTNorms-BoldItalic.ttf */ = {isa = PBXFileReference; lastKnownFileType = file; path = "TTNorms-BoldItalic.ttf"; sourceTree = "<group>"; };
		137ADD2223FC0B0500237368 /* TTNorms-Bold.ttf */ = {isa = PBXFileReference; lastKnownFileType = file; path = "TTNorms-Bold.ttf"; sourceTree = "<group>"; };
		137ADD2323FC0B0500237368 /* TTNorms-Regular.ttf */ = {isa = PBXFileReference; lastKnownFileType = file; path = "TTNorms-Regular.ttf"; sourceTree = "<group>"; };
		137ADD2423FC0B0500237368 /* TTNorms-MediumItalic.ttf */ = {isa = PBXFileReference; lastKnownFileType = file; path = "TTNorms-MediumItalic.ttf"; sourceTree = "<group>"; };
		137ADD2523FC0B0500237368 /* TTNorms-ExtraLight.ttf */ = {isa = PBXFileReference; lastKnownFileType = file; path = "TTNorms-ExtraLight.ttf"; sourceTree = "<group>"; };
		137ADD2623FC0B0500237368 /* TTNorms-ThinItalic.ttf */ = {isa = PBXFileReference; lastKnownFileType = file; path = "TTNorms-ThinItalic.ttf"; sourceTree = "<group>"; };
		137ADD2723FC0B0500237368 /* TTNorms-Medium.ttf */ = {isa = PBXFileReference; lastKnownFileType = file; path = "TTNorms-Medium.ttf"; sourceTree = "<group>"; };
		137ADD2823FC0B0500237368 /* TTNorms-LightItalic.ttf */ = {isa = PBXFileReference; lastKnownFileType = file; path = "TTNorms-LightItalic.ttf"; sourceTree = "<group>"; };
		137ADD2923FC0B0500237368 /* TTNorms-HeavyItalic.ttf */ = {isa = PBXFileReference; lastKnownFileType = file; path = "TTNorms-HeavyItalic.ttf"; sourceTree = "<group>"; };
		137ADD2A23FC0B0500237368 /* TTNorms-ExtraBoldItalic.ttf */ = {isa = PBXFileReference; lastKnownFileType = file; path = "TTNorms-ExtraBoldItalic.ttf"; sourceTree = "<group>"; };
		137ADD2B23FC0B0500237368 /* TTNorms-ExtraBold.ttf */ = {isa = PBXFileReference; lastKnownFileType = file; path = "TTNorms-ExtraBold.ttf"; sourceTree = "<group>"; };
		137ADD2C23FC0B0500237368 /* TTNorms-ExtraLightItalic.ttf */ = {isa = PBXFileReference; lastKnownFileType = file; path = "TTNorms-ExtraLightItalic.ttf"; sourceTree = "<group>"; };
		137ADD2D23FC0B0500237368 /* TTNorms-Light.ttf */ = {isa = PBXFileReference; lastKnownFileType = file; path = "TTNorms-Light.ttf"; sourceTree = "<group>"; };
		137ADD2E23FC0B0500237368 /* TTNorms-Heavy.ttf */ = {isa = PBXFileReference; lastKnownFileType = file; path = "TTNorms-Heavy.ttf"; sourceTree = "<group>"; };
		137ADD2F23FC0B0500237368 /* TTNorms-Italic.ttf */ = {isa = PBXFileReference; lastKnownFileType = file; path = "TTNorms-Italic.ttf"; sourceTree = "<group>"; };
		137ADD4123FC147800237368 /* SplashViewController.swift */ = {isa = PBXFileReference; lastKnownFileType = sourcecode.swift; path = SplashViewController.swift; sourceTree = "<group>"; };
/* End PBXFileReference section */

/* Begin PBXFrameworksBuildPhase section */
		137ADCDA23FC04F700237368 /* Frameworks */ = {
			isa = PBXFrameworksBuildPhase;
			buildActionMask = 2147483647;
			files = (
			);
			runOnlyForDeploymentPostprocessing = 0;
		};
/* End PBXFrameworksBuildPhase section */

/* Begin PBXGroup section */
		137ADCD423FC04F700237368 = {
			isa = PBXGroup;
			children = (
				137ADCDF23FC04F700237368 /* viewer-final */,
				137ADCDE23FC04F700237368 /* Products */,
			);
			sourceTree = "<group>";
		};
		137ADCDE23FC04F700237368 /* Products */ = {
			isa = PBXGroup;
			children = (
				137ADCDD23FC04F700237368 /* viewer-final.app */,
			);
			name = Products;
			sourceTree = "<group>";
		};
		137ADCDF23FC04F700237368 /* viewer-final */ = {
			isa = PBXGroup;
			children = (
				137ADCE023FC04F700237368 /* AppDelegate.swift */,
				137ADD1A23FC09E600237368 /* Library */,
				137ADCF523FC073000237368 /* Screens */,
				137ADD1223FC097300237368 /* Services */,
				137ADCFB23FC07A600237368 /* Design System */,
				137ADCF623FC074200237368 /* Helpers */,
				137ADCF423FC064700237368 /* Supporting Files */,
			);
			path = "viewer-final";
			sourceTree = "<group>";
		};
		137ADCF423FC064700237368 /* Supporting Files */ = {
			isa = PBXGroup;
			children = (
				137ADCE923FC04F900237368 /* Assets.xcassets */,
				137ADCEB23FC04F900237368 /* LaunchScreen.storyboard */,
				137ADCEE23FC04F900237368 /* Info.plist */,
			);
			path = "Supporting Files";
			sourceTree = "<group>";
		};
		137ADCF523FC073000237368 /* Screens */ = {
			isa = PBXGroup;
			children = (
				137ADD4023FC142100237368 /* Splash */,
				137ADD1D23FC0A8200237368 /* ViewController.swift */,
			);
			path = Screens;
			sourceTree = "<group>";
		};
		137ADCF623FC074200237368 /* Helpers */ = {
			isa = PBXGroup;
			children = (
				137ADCF723FC076200237368 /* Constraints.swift */,
				137ADCF923FC077700237368 /* WebImageView.swift */,
			);
			path = Helpers;
			sourceTree = "<group>";
		};
		137ADCFB23FC07A600237368 /* Design System */ = {
			isa = PBXGroup;
			children = (
				137ADD0023FC07E300237368 /* UIView */,
				137ADCFF23FC07CF00237368 /* UIButtons */,
				137ADCFD23FC07BE00237368 /* UILabel */,
				137ADCFC23FC07B700237368 /* UIColor */,
				137ADCFE23FC07C400237368 /* Fonts */,
			);
			path = "Design System";
			sourceTree = "<group>";
		};
		137ADCFC23FC07B700237368 /* UIColor */ = {
			isa = PBXGroup;
			children = (
				137ADD0123FC07F500237368 /* UIColor + ThemeColors.swift */,
				137ADD0723FC082A00237368 /* UIColor + hexValue.swift */,
			);
			path = UIColor;
			sourceTree = "<group>";
		};
		137ADCFD23FC07BE00237368 /* UILabel */ = {
			isa = PBXGroup;
			children = (
				137ADD0523FC081700237368 /* UILabel + Theme.swift */,
			);
			path = UILabel;
			sourceTree = "<group>";
		};
		137ADCFE23FC07C400237368 /* Fonts */ = {
			isa = PBXGroup;
			children = (
				137ADD1F23FC0B0500237368 /* ttnorms */,
				137ADD0923FC085700237368 /* UIButton + Theme.swift */,
			);
			path = Fonts;
			sourceTree = "<group>";
		};
		137ADCFF23FC07CF00237368 /* UIButtons */ = {
			isa = PBXGroup;
			children = (
				137ADD0C23FC092400237368 /* UIButton + Custom.swift */,
			);
			path = UIButtons;
			sourceTree = "<group>";
		};
		137ADD0023FC07E300237368 /* UIView */ = {
			isa = PBXGroup;
			children = (
				137ADD0B23FC090A00237368 /* TextFields */,
			);
			path = UIView;
			sourceTree = "<group>";
		};
		137ADD0B23FC090A00237368 /* TextFields */ = {
			isa = PBXGroup;
			children = (
				137ADD0E23FC093E00237368 /* LoginTextFieldView.swift */,
				137ADD1023FC095200237368 /* PasswordTextFieldView.swift */,
			);
			path = TextFields;
			sourceTree = "<group>";
		};
		137ADD1223FC097300237368 /* Services */ = {
			isa = PBXGroup;
			children = (
				137ADD1323FC098200237368 /* Network */,
			);
			path = Services;
			sourceTree = "<group>";
		};
		137ADD1323FC098200237368 /* Network */ = {
			isa = PBXGroup;
			children = (
				137ADD1423FC099000237368 /* NetworkService.swift */,
				137ADD1623FC09A300237368 /* NetworkDataFetcher.swift */,
				137ADD1823FC09B600237368 /* DataFetcherService.swift */,
			);
			path = Network;
			sourceTree = "<group>";
		};
		137ADD1A23FC09E600237368 /* Library */ = {
			isa = PBXGroup;
			children = (
				137ADD1B23FC09F600237368 /* StoryboardInitializable.swift */,
			);
			path = Library;
			sourceTree = "<group>";
		};
		137ADD1F23FC0B0500237368 /* ttnorms */ = {
			isa = PBXGroup;
			children = (
				137ADD2023FC0B0500237368 /* TTNorms-Thin.ttf */,
				137ADD2123FC0B0500237368 /* TTNorms-BoldItalic.ttf */,
				137ADD2223FC0B0500237368 /* TTNorms-Bold.ttf */,
				137ADD2323FC0B0500237368 /* TTNorms-Regular.ttf */,
				137ADD2423FC0B0500237368 /* TTNorms-MediumItalic.ttf */,
				137ADD2523FC0B0500237368 /* TTNorms-ExtraLight.ttf */,
				137ADD2623FC0B0500237368 /* TTNorms-ThinItalic.ttf */,
				137ADD2723FC0B0500237368 /* TTNorms-Medium.ttf */,
				137ADD2823FC0B0500237368 /* TTNorms-LightItalic.ttf */,
				137ADD2923FC0B0500237368 /* TTNorms-HeavyItalic.ttf */,
				137ADD2A23FC0B0500237368 /* TTNorms-ExtraBoldItalic.ttf */,
				137ADD2B23FC0B0500237368 /* TTNorms-ExtraBold.ttf */,
				137ADD2C23FC0B0500237368 /* TTNorms-ExtraLightItalic.ttf */,
				137ADD2D23FC0B0500237368 /* TTNorms-Light.ttf */,
				137ADD2E23FC0B0500237368 /* TTNorms-Heavy.ttf */,
				137ADD2F23FC0B0500237368 /* TTNorms-Italic.ttf */,
			);
			path = ttnorms;
			sourceTree = "<group>";
		};
		137ADD4023FC142100237368 /* Splash */ = {
			isa = PBXGroup;
			children = (
				137ADD4123FC147800237368 /* SplashViewController.swift */,
			);
			path = Splash;
			sourceTree = "<group>";
		};
/* End PBXGroup section */

/* Begin PBXNativeTarget section */
		137ADCDC23FC04F700237368 /* viewer-final */ = {
			isa = PBXNativeTarget;
			buildConfigurationList = 137ADCF123FC04F900237368 /* Build configuration list for PBXNativeTarget "viewer-final" */;
			buildPhases = (
				137ADCD923FC04F700237368 /* Sources */,
				137ADCDA23FC04F700237368 /* Frameworks */,
				137ADCDB23FC04F700237368 /* Resources */,
			);
			buildRules = (
			);
			dependencies = (
			);
			name = "viewer-final";
			productName = "swift-starter-kit";
			productReference = 137ADCDD23FC04F700237368 /* viewer-final.app */;
			productType = "com.apple.product-type.application";
		};
/* End PBXNativeTarget section */

/* Begin PBXProject section */
		137ADCD523FC04F700237368 /* Project object */ = {
			isa = PBXProject;
			attributes = {
				LastSwiftUpdateCheck = 1130;
				LastUpgradeCheck = 1130;
				ORGANIZATIONNAME = "Максим Спиридонов";
				TargetAttributes = {
					137ADCDC23FC04F700237368 = {
						CreatedOnToolsVersion = 11.3.1;
					};
				};
			};
			buildConfigurationList = 137ADCD823FC04F700237368 /* Build configuration list for PBXProject "viewer-final" */;
			compatibilityVersion = "Xcode 9.3";
			developmentRegion = en;
			hasScannedForEncodings = 0;
			knownRegions = (
				en,
				Base,
			);
			mainGroup = 137ADCD423FC04F700237368;
			productRefGroup = 137ADCDE23FC04F700237368 /* Products */;
			projectDirPath = "";
			projectRoot = "";
			targets = (
				137ADCDC23FC04F700237368 /* viewer-final */,
			);
		};
/* End PBXProject section */

/* Begin PBXResourcesBuildPhase section */
		137ADCDB23FC04F700237368 /* Resources */ = {
			isa = PBXResourcesBuildPhase;
			buildActionMask = 2147483647;
			files = (
				137ADD3023FC0B0500237368 /* TTNorms-Thin.ttf in Resources */,
				137ADD3C23FC0B0500237368 /* TTNorms-ExtraLightItalic.ttf in Resources */,
				137ADD3223FC0B0500237368 /* TTNorms-Bold.ttf in Resources */,
				137ADD3E23FC0B0500237368 /* TTNorms-Heavy.ttf in Resources */,
				137ADD3523FC0B0500237368 /* TTNorms-ExtraLight.ttf in Resources */,
				137ADD3823FC0B0500237368 /* TTNorms-LightItalic.ttf in Resources */,
				137ADD3B23FC0B0500237368 /* TTNorms-ExtraBold.ttf in Resources */,
				137ADD3723FC0B0500237368 /* TTNorms-Medium.ttf in Resources */,
				137ADD3123FC0B0500237368 /* TTNorms-BoldItalic.ttf in Resources */,
				137ADD3623FC0B0500237368 /* TTNorms-ThinItalic.ttf in Resources */,
				137ADD3D23FC0B0500237368 /* TTNorms-Light.ttf in Resources */,
				137ADCED23FC04F900237368 /* LaunchScreen.storyboard in Resources */,
				137ADD3F23FC0B0500237368 /* TTNorms-Italic.ttf in Resources */,
				137ADCEA23FC04F900237368 /* Assets.xcassets in Resources */,
				137ADD3423FC0B0500237368 /* TTNorms-MediumItalic.ttf in Resources */,
				137ADD3923FC0B0500237368 /* TTNorms-HeavyItalic.ttf in Resources */,
				137ADD3A23FC0B0500237368 /* TTNorms-ExtraBoldItalic.ttf in Resources */,
				137ADD3323FC0B0500237368 /* TTNorms-Regular.ttf in Resources */,
			);
			runOnlyForDeploymentPostprocessing = 0;
		};
/* End PBXResourcesBuildPhase section */

/* Begin PBXSourcesBuildPhase section */
		137ADCD923FC04F700237368 /* Sources */ = {
			isa = PBXSourcesBuildPhase;
			buildActionMask = 2147483647;
			files = (
				137ADD1723FC09A300237368 /* NetworkDataFetcher.swift in Sources */,
				137ADD0D23FC092400237368 /* UIButton + Custom.swift in Sources */,
				137ADD1C23FC09F600237368 /* StoryboardInitializable.swift in Sources */,
				137ADD1123FC095200237368 /* PasswordTextFieldView.swift in Sources */,
				137ADD0A23FC085700237368 /* UIButton + Theme.swift in Sources */,
				137ADD0F23FC093E00237368 /* LoginTextFieldView.swift in Sources */,
				137ADD1923FC09B600237368 /* DataFetcherService.swift in Sources */,
				137ADCF823FC076200237368 /* Constraints.swift in Sources */,
				137ADCE123FC04F700237368 /* AppDelegate.swift in Sources */,
				137ADCFA23FC077700237368 /* WebImageView.swift in Sources */,
				137ADD0823FC082A00237368 /* UIColor + hexValue.swift in Sources */,
				137ADD0623FC081700237368 /* UILabel + Theme.swift in Sources */,
				137ADD1523FC099000237368 /* NetworkService.swift in Sources */,
				137ADD1E23FC0A8200237368 /* ViewController.swift in Sources */,
				137ADD0223FC07F500237368 /* UIColor + ThemeColors.swift in Sources */,
				137ADD4223FC147800237368 /* SplashViewController.swift in Sources */,
			);
			runOnlyForDeploymentPostprocessing = 0;
		};
/* End PBXSourcesBuildPhase section */

/* Begin PBXVariantGroup section */
		137ADCEB23FC04F900237368 /* LaunchScreen.storyboard */ = {
			isa = PBXVariantGroup;
			children = (
				137ADCEC23FC04F900237368 /* Base */,
			);
			name = LaunchScreen.storyboard;
			sourceTree = "<group>";
		};
/* End PBXVariantGroup section */

/* Begin XCBuildConfiguration section */
		137ADCEF23FC04F900237368 /* Debug */ = {
			isa = XCBuildConfiguration;
			buildSettings = {
				ALWAYS_SEARCH_USER_PATHS = NO;
				CLANG_ANALYZER_NONNULL = YES;
				CLANG_ANALYZER_NUMBER_OBJECT_CONVERSION = YES_AGGRESSIVE;
				CLANG_CXX_LANGUAGE_STANDARD = "gnu++14";
				CLANG_CXX_LIBRARY = "libc++";
				CLANG_ENABLE_MODULES = YES;
				CLANG_ENABLE_OBJC_ARC = YES;
				CLANG_ENABLE_OBJC_WEAK = YES;
				CLANG_WARN_BLOCK_CAPTURE_AUTORELEASING = YES;
				CLANG_WARN_BOOL_CONVERSION = YES;
				CLANG_WARN_COMMA = YES;
				CLANG_WARN_CONSTANT_CONVERSION = YES;
				CLANG_WARN_DEPRECATED_OBJC_IMPLEMENTATIONS = YES;
				CLANG_WARN_DIRECT_OBJC_ISA_USAGE = YES_ERROR;
				CLANG_WARN_DOCUMENTATION_COMMENTS = YES;
				CLANG_WARN_EMPTY_BODY = YES;
				CLANG_WARN_ENUM_CONVERSION = YES;
				CLANG_WARN_INFINITE_RECURSION = YES;
				CLANG_WARN_INT_CONVERSION = YES;
				CLANG_WARN_NON_LITERAL_NULL_CONVERSION = YES;
				CLANG_WARN_OBJC_IMPLICIT_RETAIN_SELF = YES;
				CLANG_WARN_OBJC_LITERAL_CONVERSION = YES;
				CLANG_WARN_OBJC_ROOT_CLASS = YES_ERROR;
				CLANG_WARN_RANGE_LOOP_ANALYSIS = YES;
				CLANG_WARN_STRICT_PROTOTYPES = YES;
				CLANG_WARN_SUSPICIOUS_MOVE = YES;
				CLANG_WARN_UNGUARDED_AVAILABILITY = YES_AGGRESSIVE;
				CLANG_WARN_UNREACHABLE_CODE = YES;
				CLANG_WARN__DUPLICATE_METHOD_MATCH = YES;
				COPY_PHASE_STRIP = NO;
				DEBUG_INFORMATION_FORMAT = dwarf;
				ENABLE_STRICT_OBJC_MSGSEND = YES;
				ENABLE_TESTABILITY = YES;
				GCC_C_LANGUAGE_STANDARD = gnu11;
				GCC_DYNAMIC_NO_PIC = NO;
				GCC_NO_COMMON_BLOCKS = YES;
				GCC_OPTIMIZATION_LEVEL = 0;
				GCC_PREPROCESSOR_DEFINITIONS = (
					"DEBUG=1",
					"$(inherited)",
				);
				GCC_WARN_64_TO_32_BIT_CONVERSION = YES;
				GCC_WARN_ABOUT_RETURN_TYPE = YES_ERROR;
				GCC_WARN_UNDECLARED_SELECTOR = YES;
				GCC_WARN_UNINITIALIZED_AUTOS = YES_AGGRESSIVE;
				GCC_WARN_UNUSED_FUNCTION = YES;
				GCC_WARN_UNUSED_VARIABLE = YES;
				IPHONEOS_DEPLOYMENT_TARGET = 13.2;
				MTL_ENABLE_DEBUG_INFO = INCLUDE_SOURCE;
				MTL_FAST_MATH = YES;
				ONLY_ACTIVE_ARCH = YES;
				SDKROOT = iphoneos;
				SWIFT_ACTIVE_COMPILATION_CONDITIONS = DEBUG;
				SWIFT_OPTIMIZATION_LEVEL = "-Onone";
			};
			name = Debug;
		};
		137ADCF023FC04F900237368 /* Release */ = {
			isa = XCBuildConfiguration;
			buildSettings = {
				ALWAYS_SEARCH_USER_PATHS = NO;
				CLANG_ANALYZER_NONNULL = YES;
				CLANG_ANALYZER_NUMBER_OBJECT_CONVERSION = YES_AGGRESSIVE;
				CLANG_CXX_LANGUAGE_STANDARD = "gnu++14";
				CLANG_CXX_LIBRARY = "libc++";
				CLANG_ENABLE_MODULES = YES;
				CLANG_ENABLE_OBJC_ARC = YES;
				CLANG_ENABLE_OBJC_WEAK = YES;
				CLANG_WARN_BLOCK_CAPTURE_AUTORELEASING = YES;
				CLANG_WARN_BOOL_CONVERSION = YES;
				CLANG_WARN_COMMA = YES;
				CLANG_WARN_CONSTANT_CONVERSION = YES;
				CLANG_WARN_DEPRECATED_OBJC_IMPLEMENTATIONS = YES;
				CLANG_WARN_DIRECT_OBJC_ISA_USAGE = YES_ERROR;
				CLANG_WARN_DOCUMENTATION_COMMENTS = YES;
				CLANG_WARN_EMPTY_BODY = YES;
				CLANG_WARN_ENUM_CONVERSION = YES;
				CLANG_WARN_INFINITE_RECURSION = YES;
				CLANG_WARN_INT_CONVERSION = YES;
				CLANG_WARN_NON_LITERAL_NULL_CONVERSION = YES;
				CLANG_WARN_OBJC_IMPLICIT_RETAIN_SELF = YES;
				CLANG_WARN_OBJC_LITERAL_CONVERSION = YES;
				CLANG_WARN_OBJC_ROOT_CLASS = YES_ERROR;
				CLANG_WARN_RANGE_LOOP_ANALYSIS = YES;
				CLANG_WARN_STRICT_PROTOTYPES = YES;
				CLANG_WARN_SUSPICIOUS_MOVE = YES;
				CLANG_WARN_UNGUARDED_AVAILABILITY = YES_AGGRESSIVE;
				CLANG_WARN_UNREACHABLE_CODE = YES;
				CLANG_WARN__DUPLICATE_METHOD_MATCH = YES;
				COPY_PHASE_STRIP = NO;
				DEBUG_INFORMATION_FORMAT = "dwarf-with-dsym";
				ENABLE_NS_ASSERTIONS = NO;
				ENABLE_STRICT_OBJC_MSGSEND = YES;
				GCC_C_LANGUAGE_STANDARD = gnu11;
				GCC_NO_COMMON_BLOCKS = YES;
				GCC_WARN_64_TO_32_BIT_CONVERSION = YES;
				GCC_WARN_ABOUT_RETURN_TYPE = YES_ERROR;
				GCC_WARN_UNDECLARED_SELECTOR = YES;
				GCC_WARN_UNINITIALIZED_AUTOS = YES_AGGRESSIVE;
				GCC_WARN_UNUSED_FUNCTION = YES;
				GCC_WARN_UNUSED_VARIABLE = YES;
				IPHONEOS_DEPLOYMENT_TARGET = 13.2;
				MTL_ENABLE_DEBUG_INFO = NO;
				MTL_FAST_MATH = YES;
				SDKROOT = iphoneos;
				SWIFT_COMPILATION_MODE = wholemodule;
				SWIFT_OPTIMIZATION_LEVEL = "-O";
				VALIDATE_PRODUCT = YES;
			};
			name = Release;
		};
		137ADCF223FC04F900237368 /* Debug */ = {
			isa = XCBuildConfiguration;
			buildSettings = {
				ASSETCATALOG_COMPILER_APPICON_NAME = AppIcon;
				CODE_SIGN_STYLE = Automatic;
				DEVELOPMENT_TEAM = C8F3CLJ592;
				INFOPLIST_FILE = "viewer-final/Supporting Files/Info.plist";
				LD_RUNPATH_SEARCH_PATHS = (
					"$(inherited)",
					"@executable_path/Frameworks",
				);
				PRODUCT_BUNDLE_IDENTIFIER = "taijased.viewer-final";
				PRODUCT_NAME = "$(TARGET_NAME)";
				SWIFT_VERSION = 5.0;
				TARGETED_DEVICE_FAMILY = "1,2";
			};
			name = Debug;
		};
		137ADCF323FC04F900237368 /* Release */ = {
			isa = XCBuildConfiguration;
			buildSettings = {
				ASSETCATALOG_COMPILER_APPICON_NAME = AppIcon;
				CODE_SIGN_STYLE = Automatic;
				DEVELOPMENT_TEAM = C8F3CLJ592;
				INFOPLIST_FILE = "viewer-final/Supporting Files/Info.plist";
				LD_RUNPATH_SEARCH_PATHS = (
					"$(inherited)",
					"@executable_path/Frameworks",
				);
				PRODUCT_BUNDLE_IDENTIFIER = "taijased.viewer-final";
				PRODUCT_NAME = "$(TARGET_NAME)";
				SWIFT_VERSION = 5.0;
				TARGETED_DEVICE_FAMILY = "1,2";
			};
			name = Release;
		};
/* End XCBuildConfiguration section */

/* Begin XCConfigurationList section */
		137ADCD823FC04F700237368 /* Build configuration list for PBXProject "viewer-final" */ = {
			isa = XCConfigurationList;
			buildConfigurations = (
				137ADCEF23FC04F900237368 /* Debug */,
				137ADCF023FC04F900237368 /* Release */,
			);
			defaultConfigurationIsVisible = 0;
			defaultConfigurationName = Release;
		};
		137ADCF123FC04F900237368 /* Build configuration list for PBXNativeTarget "viewer-final" */ = {
			isa = XCConfigurationList;
			buildConfigurations = (
				137ADCF223FC04F900237368 /* Debug */,
				137ADCF323FC04F900237368 /* Release */,
			);
			defaultConfigurationIsVisible = 0;
			defaultConfigurationName = Release;
		};
/* End XCConfigurationList section */
	};
	rootObject = 137ADCD523FC04F700237368 /* Project object */;
}
